// !$*UTF8*$!
{
	archiveVersion = 1;
	classes = {
	};
	objectVersion = 46;
	objects = {

/* Begin PBXBuildFile section */
		0531A4E518E5DC8E00AABED9 /* Cocoa.framework in Frameworks */ = {isa = PBXBuildFile; fileRef = 0531A4E418E5DC8E00AABED9 /* Cocoa.framework */; };
		0531A4EF18E5DC8E00AABED9 /* InfoPlist.strings in Resources */ = {isa = PBXBuildFile; fileRef = 0531A4ED18E5DC8E00AABED9 /* InfoPlist.strings */; };
		0531A4F118E5DC8E00AABED9 /* main.m in Sources */ = {isa = PBXBuildFile; fileRef = 0531A4F018E5DC8E00AABED9 /* main.m */; };
		0531A4F518E5DC8E00AABED9 /* Credits.rtf in Resources */ = {isa = PBXBuildFile; fileRef = 0531A4F318E5DC8E00AABED9 /* Credits.rtf */; };
		0531A4F818E5DC8E00AABED9 /* PLAppDelegate.m in Sources */ = {isa = PBXBuildFile; fileRef = 0531A4F718E5DC8E00AABED9 /* PLAppDelegate.m */; };
		0531A4FB18E5DC8E00AABED9 /* MainMenu.xib in Resources */ = {isa = PBXBuildFile; fileRef = 0531A4F918E5DC8E00AABED9 /* MainMenu.xib */; };
		0531A4FD18E5DC8E00AABED9 /* Images.xcassets in Resources */ = {isa = PBXBuildFile; fileRef = 0531A4FC18E5DC8E00AABED9 /* Images.xcassets */; };
		0531A50418E5DC8E00AABED9 /* XCTest.framework in Frameworks */ = {isa = PBXBuildFile; fileRef = 0531A50318E5DC8E00AABED9 /* XCTest.framework */; };
		0531A50518E5DC8E00AABED9 /* Cocoa.framework in Frameworks */ = {isa = PBXBuildFile; fileRef = 0531A4E418E5DC8E00AABED9 /* Cocoa.framework */; };
		0531A50D18E5DC8E00AABED9 /* InfoPlist.strings in Resources */ = {isa = PBXBuildFile; fileRef = 0531A50B18E5DC8E00AABED9 /* InfoPlist.strings */; };
		0531A50F18E5DC8E00AABED9 /* OnErrorResumeExampleTests.m in Sources */ = {isa = PBXBuildFile; fileRef = 0531A50E18E5DC8E00AABED9 /* OnErrorResumeExampleTests.m */; };
		05403EE818E5DDF40093C403 /* CrashReporter.framework in Frameworks */ = {isa = PBXBuildFile; fileRef = 05403EE718E5DDF40093C403 /* CrashReporter.framework */; };
		05403EEC18E5DE1A0093C403 /* CrashReporter.framework in CopyFiles */ = {isa = PBXBuildFile; fileRef = 05403EE718E5DDF40093C403 /* CrashReporter.framework */; };
		05403EF818E62BA70093C403 /* SpriteKit.framework in Frameworks */ = {isa = PBXBuildFile; fileRef = 05403EF718E62BA70093C403 /* SpriteKit.framework */; };
		05403EFB18E62C020093C403 /* PLBouncingScene.m in Sources */ = {isa = PBXBuildFile; fileRef = 05403EFA18E62C020093C403 /* PLBouncingScene.m */; };
/* End PBXBuildFile section */

/* Begin PBXContainerItemProxy section */
		0531A50618E5DC8E00AABED9 /* PBXContainerItemProxy */ = {
			isa = PBXContainerItemProxy;
			containerPortal = 0531A4D918E5DC8E00AABED9 /* Project object */;
			proxyType = 1;
			remoteGlobalIDString = 0531A4E018E5DC8E00AABED9;
			remoteInfo = OnErrorResumeExample;
		};
/* End PBXContainerItemProxy section */

/* Begin PBXCopyFilesBuildPhase section */
		05403EEB18E5DE140093C403 /* CopyFiles */ = {
			isa = PBXCopyFilesBuildPhase;
			buildActionMask = 2147483647;
			dstPath = "";
			dstSubfolderSpec = 10;
			files = (
				05403EEC18E5DE1A0093C403 /* CrashReporter.framework in CopyFiles */,
			);
			runOnlyForDeploymentPostprocessing = 0;
		};
/* End PBXCopyFilesBuildPhase section */

/* Begin PBXFileReference section */
		0531A4E118E5DC8E00AABED9 /* OnErrorResumeExample.app */ = {isa = PBXFileReference; explicitFileType = wrapper.application; includeInIndex = 0; path = OnErrorResumeExample.app; sourceTree = BUILT_PRODUCTS_DIR; };
		0531A4E418E5DC8E00AABED9 /* Cocoa.framework */ = {isa = PBXFileReference; lastKnownFileType = wrapper.framework; name = Cocoa.framework; path = System/Library/Frameworks/Cocoa.framework; sourceTree = SDKROOT; };
		0531A4E718E5DC8E00AABED9 /* AppKit.framework */ = {isa = PBXFileReference; lastKnownFileType = wrapper.framework; name = AppKit.framework; path = System/Library/Frameworks/AppKit.framework; sourceTree = SDKROOT; };
		0531A4E818E5DC8E00AABED9 /* CoreData.framework */ = {isa = PBXFileReference; lastKnownFileType = wrapper.framework; name = CoreData.framework; path = System/Library/Frameworks/CoreData.framework; sourceTree = SDKROOT; };
		0531A4E918E5DC8E00AABED9 /* Foundation.framework */ = {isa = PBXFileReference; lastKnownFileType = wrapper.framework; name = Foundation.framework; path = System/Library/Frameworks/Foundation.framework; sourceTree = SDKROOT; };
		0531A4EC18E5DC8E00AABED9 /* OnErrorResumeExample-Info.plist */ = {isa = PBXFileReference; lastKnownFileType = text.plist.xml; path = "OnErrorResumeExample-Info.plist"; sourceTree = "<group>"; };
		0531A4EE18E5DC8E00AABED9 /* en */ = {isa = PBXFileReference; lastKnownFileType = text.plist.strings; name = en; path = en.lproj/InfoPlist.strings; sourceTree = "<group>"; };
		0531A4F018E5DC8E00AABED9 /* main.m */ = {isa = PBXFileReference; lastKnownFileType = sourcecode.c.objc; path = main.m; sourceTree = "<group>"; };
		0531A4F218E5DC8E00AABED9 /* OnErrorResumeExample-Prefix.pch */ = {isa = PBXFileReference; lastKnownFileType = sourcecode.c.h; path = "OnErrorResumeExample-Prefix.pch"; sourceTree = "<group>"; };
		0531A4F418E5DC8E00AABED9 /* en */ = {isa = PBXFileReference; lastKnownFileType = text.rtf; name = en; path = en.lproj/Credits.rtf; sourceTree = "<group>"; };
		0531A4F618E5DC8E00AABED9 /* PLAppDelegate.h */ = {isa = PBXFileReference; lastKnownFileType = sourcecode.c.h; path = PLAppDelegate.h; sourceTree = "<group>"; };
		0531A4F718E5DC8E00AABED9 /* PLAppDelegate.m */ = {isa = PBXFileReference; lastKnownFileType = sourcecode.c.objc; path = PLAppDelegate.m; sourceTree = "<group>"; };
		0531A4FA18E5DC8E00AABED9 /* Base */ = {isa = PBXFileReference; lastKnownFileType = file.xib; name = Base; path = Base.lproj/MainMenu.xib; sourceTree = "<group>"; };
		0531A4FC18E5DC8E00AABED9 /* Images.xcassets */ = {isa = PBXFileReference; lastKnownFileType = folder.assetcatalog; path = Images.xcassets; sourceTree = "<group>"; };
		0531A50218E5DC8E00AABED9 /* OnErrorResumeExampleTests.xctest */ = {isa = PBXFileReference; explicitFileType = wrapper.cfbundle; includeInIndex = 0; path = OnErrorResumeExampleTests.xctest; sourceTree = BUILT_PRODUCTS_DIR; };
		0531A50318E5DC8E00AABED9 /* XCTest.framework */ = {isa = PBXFileReference; lastKnownFileType = wrapper.framework; name = XCTest.framework; path = Library/Frameworks/XCTest.framework; sourceTree = DEVELOPER_DIR; };
		0531A50A18E5DC8E00AABED9 /* OnErrorResumeExampleTests-Info.plist */ = {isa = PBXFileReference; lastKnownFileType = text.plist.xml; path = "OnErrorResumeExampleTests-Info.plist"; sourceTree = "<group>"; };
		0531A50C18E5DC8E00AABED9 /* en */ = {isa = PBXFileReference; lastKnownFileType = text.plist.strings; name = en; path = en.lproj/InfoPlist.strings; sourceTree = "<group>"; };
		0531A50E18E5DC8E00AABED9 /* OnErrorResumeExampleTests.m */ = {isa = PBXFileReference; lastKnownFileType = sourcecode.c.objc; path = OnErrorResumeExampleTests.m; sourceTree = "<group>"; };
		05403EE718E5DDF40093C403 /* CrashReporter.framework */ = {isa = PBXFileReference; lastKnownFileType = wrapper.framework; path = CrashReporter.framework; sourceTree = "<group>"; };
		05403EF718E62BA70093C403 /* SpriteKit.framework */ = {isa = PBXFileReference; lastKnownFileType = wrapper.framework; name = SpriteKit.framework; path = System/Library/Frameworks/SpriteKit.framework; sourceTree = SDKROOT; };
		05403EF918E62C020093C403 /* PLBouncingScene.h */ = {isa = PBXFileReference; fileEncoding = 4; lastKnownFileType = sourcecode.c.h; path = PLBouncingScene.h; sourceTree = "<group>"; };
		05403EFA18E62C020093C403 /* PLBouncingScene.m */ = {isa = PBXFileReference; fileEncoding = 4; lastKnownFileType = sourcecode.c.objc; path = PLBouncingScene.m; sourceTree = "<group>"; };
/* End PBXFileReference section */

/* Begin PBXFrameworksBuildPhase section */
		0531A4DE18E5DC8E00AABED9 /* Frameworks */ = {
			isa = PBXFrameworksBuildPhase;
			buildActionMask = 2147483647;
			files = (
				05403EF818E62BA70093C403 /* SpriteKit.framework in Frameworks */,
				0531A4E518E5DC8E00AABED9 /* Cocoa.framework in Frameworks */,
				05403EE818E5DDF40093C403 /* CrashReporter.framework in Frameworks */,
			);
			runOnlyForDeploymentPostprocessing = 0;
		};
		0531A4FF18E5DC8E00AABED9 /* Frameworks */ = {
			isa = PBXFrameworksBuildPhase;
			buildActionMask = 2147483647;
			files = (
				0531A50518E5DC8E00AABED9 /* Cocoa.framework in Frameworks */,
				0531A50418E5DC8E00AABED9 /* XCTest.framework in Frameworks */,
			);
			runOnlyForDeploymentPostprocessing = 0;
		};
/* End PBXFrameworksBuildPhase section */

/* Begin PBXGroup section */
		0531A4D818E5DC8E00AABED9 = {
			isa = PBXGroup;
			children = (
				0531A4EA18E5DC8E00AABED9 /* OnErrorResumeExample */,
				0531A50818E5DC8E00AABED9 /* OnErrorResumeExampleTests */,
				0531A4E318E5DC8E00AABED9 /* Frameworks */,
				0531A4E218E5DC8E00AABED9 /* Products */,
			);
			sourceTree = "<group>";
		};
		0531A4E218E5DC8E00AABED9 /* Products */ = {
			isa = PBXGroup;
			children = (
				0531A4E118E5DC8E00AABED9 /* OnErrorResumeExample.app */,
				0531A50218E5DC8E00AABED9 /* OnErrorResumeExampleTests.xctest */,
			);
			name = Products;
			sourceTree = "<group>";
		};
		0531A4E318E5DC8E00AABED9 /* Frameworks */ = {
			isa = PBXGroup;
			children = (
				05403EF718E62BA70093C403 /* SpriteKit.framework */,
				05403EE718E5DDF40093C403 /* CrashReporter.framework */,
				0531A4E418E5DC8E00AABED9 /* Cocoa.framework */,
				0531A50318E5DC8E00AABED9 /* XCTest.framework */,
				0531A4E618E5DC8E00AABED9 /* Other Frameworks */,
			);
			name = Frameworks;
			sourceTree = "<group>";
		};
		0531A4E618E5DC8E00AABED9 /* Other Frameworks */ = {
			isa = PBXGroup;
			children = (
				0531A4E718E5DC8E00AABED9 /* AppKit.framework */,
				0531A4E818E5DC8E00AABED9 /* CoreData.framework */,
				0531A4E918E5DC8E00AABED9 /* Foundation.framework */,
			);
			name = "Other Frameworks";
			sourceTree = "<group>";
		};
		0531A4EA18E5DC8E00AABED9 /* OnErrorResumeExample */ = {
			isa = PBXGroup;
			children = (
				0531A4F618E5DC8E00AABED9 /* PLAppDelegate.h */,
				0531A4F718E5DC8E00AABED9 /* PLAppDelegate.m */,
				0531A4F918E5DC8E00AABED9 /* MainMenu.xib */,
				05403EF918E62C020093C403 /* PLBouncingScene.h */,
				05403EFA18E62C020093C403 /* PLBouncingScene.m */,
				0531A4FC18E5DC8E00AABED9 /* Images.xcassets */,
				0531A4EB18E5DC8E00AABED9 /* Supporting Files */,
			);
			path = OnErrorResumeExample;
			sourceTree = "<group>";
		};
		0531A4EB18E5DC8E00AABED9 /* Supporting Files */ = {
			isa = PBXGroup;
			children = (
				0531A4EC18E5DC8E00AABED9 /* OnErrorResumeExample-Info.plist */,
				0531A4ED18E5DC8E00AABED9 /* InfoPlist.strings */,
				0531A4F018E5DC8E00AABED9 /* main.m */,
				0531A4F218E5DC8E00AABED9 /* OnErrorResumeExample-Prefix.pch */,
				0531A4F318E5DC8E00AABED9 /* Credits.rtf */,
			);
			name = "Supporting Files";
			sourceTree = "<group>";
		};
		0531A50818E5DC8E00AABED9 /* OnErrorResumeExampleTests */ = {
			isa = PBXGroup;
			children = (
				0531A50E18E5DC8E00AABED9 /* OnErrorResumeExampleTests.m */,
				0531A50918E5DC8E00AABED9 /* Supporting Files */,
			);
			path = OnErrorResumeExampleTests;
			sourceTree = "<group>";
		};
		0531A50918E5DC8E00AABED9 /* Supporting Files */ = {
			isa = PBXGroup;
			children = (
				0531A50A18E5DC8E00AABED9 /* OnErrorResumeExampleTests-Info.plist */,
				0531A50B18E5DC8E00AABED9 /* InfoPlist.strings */,
			);
			name = "Supporting Files";
			sourceTree = "<group>";
		};
/* End PBXGroup section */

/* Begin PBXNativeTarget section */
		0531A4E018E5DC8E00AABED9 /* OnErrorResumeExample */ = {
			isa = PBXNativeTarget;
			buildConfigurationList = 0531A51218E5DC8E00AABED9 /* Build configuration list for PBXNativeTarget "OnErrorResumeExample" */;
			buildPhases = (
				0531A4DD18E5DC8E00AABED9 /* Sources */,
				0531A4DE18E5DC8E00AABED9 /* Frameworks */,
				0531A4DF18E5DC8E00AABED9 /* Resources */,
				05403EEB18E5DE140093C403 /* CopyFiles */,
				0554599918EA65590091E486 /* ShellScript */,
			);
			buildRules = (
			);
			dependencies = (
			);
			name = OnErrorResumeExample;
			productName = OnErrorResumeExample;
			productReference = 0531A4E118E5DC8E00AABED9 /* OnErrorResumeExample.app */;
			productType = "com.apple.product-type.application";
		};
		0531A50118E5DC8E00AABED9 /* OnErrorResumeExampleTests */ = {
			isa = PBXNativeTarget;
			buildConfigurationList = 0531A51518E5DC8E00AABED9 /* Build configuration list for PBXNativeTarget "OnErrorResumeExampleTests" */;
			buildPhases = (
				0531A4FE18E5DC8E00AABED9 /* Sources */,
				0531A4FF18E5DC8E00AABED9 /* Frameworks */,
				0531A50018E5DC8E00AABED9 /* Resources */,
			);
			buildRules = (
			);
			dependencies = (
				0531A50718E5DC8E00AABED9 /* PBXTargetDependency */,
			);
			name = OnErrorResumeExampleTests;
			productName = OnErrorResumeExampleTests;
			productReference = 0531A50218E5DC8E00AABED9 /* OnErrorResumeExampleTests.xctest */;
			productType = "com.apple.product-type.bundle.unit-test";
		};
/* End PBXNativeTarget section */

/* Begin PBXProject section */
		0531A4D918E5DC8E00AABED9 /* Project object */ = {
			isa = PBXProject;
			attributes = {
				CLASSPREFIX = PL;
				LastUpgradeCheck = 0510;
				ORGANIZATIONNAME = "Plausible Labs";
				TargetAttributes = {
					0531A50118E5DC8E00AABED9 = {
						TestTargetID = 0531A4E018E5DC8E00AABED9;
					};
				};
			};
			buildConfigurationList = 0531A4DC18E5DC8E00AABED9 /* Build configuration list for PBXProject "OnErrorResumeExample" */;
			compatibilityVersion = "Xcode 3.2";
			developmentRegion = English;
			hasScannedForEncodings = 0;
			knownRegions = (
				en,
				Base,
			);
			mainGroup = 0531A4D818E5DC8E00AABED9;
			productRefGroup = 0531A4E218E5DC8E00AABED9 /* Products */;
			projectDirPath = "";
			projectRoot = "";
			targets = (
				0531A4E018E5DC8E00AABED9 /* OnErrorResumeExample */,
				0531A50118E5DC8E00AABED9 /* OnErrorResumeExampleTests */,
			);
		};
/* End PBXProject section */

/* Begin PBXResourcesBuildPhase section */
		0531A4DF18E5DC8E00AABED9 /* Resources */ = {
			isa = PBXResourcesBuildPhase;
			buildActionMask = 2147483647;
			files = (
				0531A4EF18E5DC8E00AABED9 /* InfoPlist.strings in Resources */,
				0531A4FD18E5DC8E00AABED9 /* Images.xcassets in Resources */,
				0531A4F518E5DC8E00AABED9 /* Credits.rtf in Resources */,
				0531A4FB18E5DC8E00AABED9 /* MainMenu.xib in Resources */,
			);
			runOnlyForDeploymentPostprocessing = 0;
		};
		0531A50018E5DC8E00AABED9 /* Resources */ = {
			isa = PBXResourcesBuildPhase;
			buildActionMask = 2147483647;
			files = (
				0531A50D18E5DC8E00AABED9 /* InfoPlist.strings in Resources */,
			);
			runOnlyForDeploymentPostprocessing = 0;
		};
/* End PBXResourcesBuildPhase section */

/* Begin PBXShellScriptBuildPhase section */
		0554599918EA65590091E486 /* ShellScript */ = {
			isa = PBXShellScriptBuildPhase;
			buildActionMask = 2147483647;
			files = (
			);
			inputPaths = (
			);
			outputPaths = (
			);
			runOnlyForDeploymentPostprocessing = 0;
			shellPath = /bin/sh;
			shellScript = "LOCATION=\"${BUILT_PRODUCTS_DIR}\"/\"${FRAMEWORKS_FOLDER_PATH}\"\nfind \"$LOCATION\" -name '*.framework' -exec codesign --verbose --force --sign \"$CODE_SIGN_IDENTITY\" {}/Versions/Current \\;";
		};
/* End PBXShellScriptBuildPhase section */

/* Begin PBXSourcesBuildPhase section */
		0531A4DD18E5DC8E00AABED9 /* Sources */ = {
			isa = PBXSourcesBuildPhase;
			buildActionMask = 2147483647;
			files = (
				05403EFB18E62C020093C403 /* PLBouncingScene.m in Sources */,
				0531A4F818E5DC8E00AABED9 /* PLAppDelegate.m in Sources */,
				0531A4F118E5DC8E00AABED9 /* main.m in Sources */,
			);
			runOnlyForDeploymentPostprocessing = 0;
		};
		0531A4FE18E5DC8E00AABED9 /* Sources */ = {
			isa = PBXSourcesBuildPhase;
			buildActionMask = 2147483647;
			files = (
				0531A50F18E5DC8E00AABED9 /* OnErrorResumeExampleTests.m in Sources */,
			);
			runOnlyForDeploymentPostprocessing = 0;
		};
/* End PBXSourcesBuildPhase section */

/* Begin PBXTargetDependency section */
		0531A50718E5DC8E00AABED9 /* PBXTargetDependency */ = {
			isa = PBXTargetDependency;
			target = 0531A4E018E5DC8E00AABED9 /* OnErrorResumeExample */;
			targetProxy = 0531A50618E5DC8E00AABED9 /* PBXContainerItemProxy */;
		};
/* End PBXTargetDependency section */

/* Begin PBXVariantGroup section */
		0531A4ED18E5DC8E00AABED9 /* InfoPlist.strings */ = {
			isa = PBXVariantGroup;
			children = (
				0531A4EE18E5DC8E00AABED9 /* en */,
			);
			name = InfoPlist.strings;
			sourceTree = "<group>";
		};
		0531A4F318E5DC8E00AABED9 /* Credits.rtf */ = {
			isa = PBXVariantGroup;
			children = (
				0531A4F418E5DC8E00AABED9 /* en */,
			);
			name = Credits.rtf;
			sourceTree = "<group>";
		};
		0531A4F918E5DC8E00AABED9 /* MainMenu.xib */ = {
			isa = PBXVariantGroup;
			children = (
				0531A4FA18E5DC8E00AABED9 /* Base */,
			);
			name = MainMenu.xib;
			sourceTree = "<group>";
		};
		0531A50B18E5DC8E00AABED9 /* InfoPlist.strings */ = {
			isa = PBXVariantGroup;
			children = (
				0531A50C18E5DC8E00AABED9 /* en */,
			);
			name = InfoPlist.strings;
			sourceTree = "<group>";
		};
/* End PBXVariantGroup section */

/* Begin XCBuildConfiguration section */
		0531A51018E5DC8E00AABED9 /* Debug */ = {
			isa = XCBuildConfiguration;
			buildSettings = {
				ALWAYS_SEARCH_USER_PATHS = NO;
				CLANG_CXX_LANGUAGE_STANDARD = "gnu++0x";
				CLANG_CXX_LIBRARY = "libc++";
				CLANG_ENABLE_MODULES = YES;
				CLANG_ENABLE_OBJC_ARC = YES;
				CLANG_WARN_BOOL_CONVERSION = YES;
				CLANG_WARN_CONSTANT_CONVERSION = YES;
				CLANG_WARN_DIRECT_OBJC_ISA_USAGE = YES_ERROR;
				CLANG_WARN_EMPTY_BODY = YES;
				CLANG_WARN_ENUM_CONVERSION = YES;
				CLANG_WARN_INT_CONVERSION = YES;
				CLANG_WARN_OBJC_ROOT_CLASS = YES_ERROR;
				CLANG_WARN__DUPLICATE_METHOD_MATCH = YES;
				COPY_PHASE_STRIP = NO;
				GCC_C_LANGUAGE_STANDARD = gnu99;
				GCC_DYNAMIC_NO_PIC = NO;
				GCC_ENABLE_OBJC_EXCEPTIONS = YES;
				GCC_OPTIMIZATION_LEVEL = 0;
				GCC_PREPROCESSOR_DEFINITIONS = (
					"DEBUG=1",
					"$(inherited)",
				);
				GCC_SYMBOLS_PRIVATE_EXTERN = NO;
				GCC_WARN_64_TO_32_BIT_CONVERSION = YES;
				GCC_WARN_ABOUT_RETURN_TYPE = YES_ERROR;
				GCC_WARN_UNDECLARED_SELECTOR = YES;
				GCC_WARN_UNINITIALIZED_AUTOS = YES_AGGRESSIVE;
				GCC_WARN_UNUSED_FUNCTION = YES;
				GCC_WARN_UNUSED_VARIABLE = YES;
				MACOSX_DEPLOYMENT_TARGET = 10.8;
				ONLY_ACTIVE_ARCH = YES;
				SDKROOT = macosx;
			};
			name = Debug;
		};
		0531A51118E5DC8E00AABED9 /* Release */ = {
			isa = XCBuildConfiguration;
			buildSettings = {
				ALWAYS_SEARCH_USER_PATHS = NO;
				CLANG_CXX_LANGUAGE_STANDARD = "gnu++0x";
				CLANG_CXX_LIBRARY = "libc++";
				CLANG_ENABLE_MODULES = YES;
				CLANG_ENABLE_OBJC_ARC = YES;
				CLANG_WARN_BOOL_CONVERSION = YES;
				CLANG_WARN_CONSTANT_CONVERSION = YES;
				CLANG_WARN_DIRECT_OBJC_ISA_USAGE = YES_ERROR;
				CLANG_WARN_EMPTY_BODY = YES;
				CLANG_WARN_ENUM_CONVERSION = YES;
				CLANG_WARN_INT_CONVERSION = YES;
				CLANG_WARN_OBJC_ROOT_CLASS = YES_ERROR;
				CLANG_WARN__DUPLICATE_METHOD_MATCH = YES;
				COPY_PHASE_STRIP = YES;
				DEBUG_INFORMATION_FORMAT = "dwarf-with-dsym";
				ENABLE_NS_ASSERTIONS = NO;
				GCC_C_LANGUAGE_STANDARD = gnu99;
				GCC_ENABLE_OBJC_EXCEPTIONS = YES;
				GCC_WARN_64_TO_32_BIT_CONVERSION = YES;
				GCC_WARN_ABOUT_RETURN_TYPE = YES_ERROR;
				GCC_WARN_UNDECLARED_SELECTOR = YES;
				GCC_WARN_UNINITIALIZED_AUTOS = YES_AGGRESSIVE;
				GCC_WARN_UNUSED_FUNCTION = YES;
				GCC_WARN_UNUSED_VARIABLE = YES;
				MACOSX_DEPLOYMENT_TARGET = 10.8;
				SDKROOT = macosx;
			};
			name = Release;
		};
		0531A51318E5DC8E00AABED9 /* Debug */ = {
			isa = XCBuildConfiguration;
			buildSettings = {
				ASSETCATALOG_COMPILER_APPICON_NAME = AppIcon;
				COMBINE_HIDPI_IMAGES = YES;
				FRAMEWORK_SEARCH_PATHS = (
					"$(inherited)",
					"$(PROJECT_DIR)",
				);
				GCC_PRECOMPILE_PREFIX_HEADER = YES;
				GCC_PREFIX_HEADER = "OnErrorResumeExample/OnErrorResumeExample-Prefix.pch";
				INFOPLIST_FILE = "OnErrorResumeExample/OnErrorResumeExample-Info.plist";
				LD_RUNPATH_SEARCH_PATHS = "@loader_path/../Frameworks";
				PRODUCT_NAME = "$(TARGET_NAME)";
				WRAPPER_EXTENSION = app;
			};
			name = Debug;
		};
		0531A51418E5DC8E00AABED9 /* Release */ = {
			isa = XCBuildConfiguration;
			buildSettings = {
				ASSETCATALOG_COMPILER_APPICON_NAME = AppIcon;
				CODE_SIGN_IDENTITY = "Developer ID Application";
				COMBINE_HIDPI_IMAGES = YES;
				FRAMEWORK_SEARCH_PATHS = (
					"$(inherited)",
					"$(PROJECT_DIR)",
				);
				GCC_PRECOMPILE_PREFIX_HEADER = YES;
				GCC_PREFIX_HEADER = "OnErrorResumeExample/OnErrorResumeExample-Prefix.pch";
				INFOPLIST_FILE = "OnErrorResumeExample/OnErrorResumeExample-Info.plist";
				LD_RUNPATH_SEARCH_PATHS = "@loader_path/../Frameworks";
				PRODUCT_NAME = "$(TARGET_NAME)";
				WRAPPER_EXTENSION = app;
			};
			name = Release;
		};
		0531A51618E5DC8E00AABED9 /* Debug */ = {
			isa = XCBuildConfiguration;
			buildSettings = {
				BUNDLE_LOADER = "$(BUILT_PRODUCTS_DIR)/OnErrorResumeExample.app/Contents/MacOS/OnErrorResumeExample";
				COMBINE_HIDPI_IMAGES = YES;
				FRAMEWORK_SEARCH_PATHS = (
					"$(DEVELOPER_FRAMEWORKS_DIR)",
					"$(inherited)",
				);
				GCC_PRECOMPILE_PREFIX_HEADER = YES;
				GCC_PREFIX_HEADER = "OnErrorResumeExample/OnErrorResumeExample-Prefix.pch";
				GCC_PREPROCESSOR_DEFINITIONS = (
					"DEBUG=1",
					"$(inherited)",
				);
				INFOPLIST_FILE = "OnErrorResumeExampleTests/OnErrorResumeExampleTests-Info.plist";
				PRODUCT_NAME = "$(TARGET_NAME)";
				TEST_HOST = "$(BUNDLE_LOADER)";
				WRAPPER_EXTENSION = xctest;
			};
			name = Debug;
		};
		0531A51718E5DC8E00AABED9 /* Release */ = {
			isa = XCBuildConfiguration;
			buildSettings = {
				BUNDLE_LOADER = "$(BUILT_PRODUCTS_DIR)/OnErrorResumeExample.app/Contents/MacOS/OnErrorResumeExample";
				COMBINE_HIDPI_IMAGES = YES;
				FRAMEWORK_SEARCH_PATHS = (
					"$(DEVELOPER_FRAMEWORKS_DIR)",
					"$(inherited)",
				);
				GCC_PRECOMPILE_PREFIX_HEADER = YES;
				GCC_PREFIX_HEADER = "OnErrorResumeExample/OnErrorResumeExample-Prefix.pch";
				INFOPLIST_FILE = "OnErrorResumeExampleTests/OnErrorResumeExampleTests-Info.plist";
				PRODUCT_NAME = "$(TARGET_NAME)";
				TEST_HOST = "$(BUNDLE_LOADER)";
				WRAPPER_EXTENSION = xctest;
			};
			name = Release;
		};
/* End XCBuildConfiguration section */

/* Begin XCConfigurationList section */
		0531A4DC18E5DC8E00AABED9 /* Build configuration list for PBXProject "OnErrorResumeExample" */ = {
			isa = XCConfigurationList;
			buildConfigurations = (
				0531A51018E5DC8E00AABED9 /* Debug */,
				0531A51118E5DC8E00AABED9 /* Release */,
			);
			defaultConfigurationIsVisible = 0;
			defaultConfigurationName = Release;
		};
		0531A51218E5DC8E00AABED9 /* Build configuration list for PBXNativeTarget "OnErrorResumeExample" */ = {
			isa = XCConfigurationList;
			buildConfigurations = (
				0531A51318E5DC8E00AABED9 /* Debug */,
				0531A51418E5DC8E00AABED9 /* Release */,
			);
			defaultConfigurationIsVisible = 0;
			defaultConfigurationName = Release;
		};
		0531A51518E5DC8E00AABED9 /* Build configuration list for PBXNativeTarget "OnErrorResumeExampleTests" */ = {
			isa = XCConfigurationList;
			buildConfigurations = (
				0531A51618E5DC8E00AABED9 /* Debug */,
				0531A51718E5DC8E00AABED9 /* Release */,
			);
			defaultConfigurationIsVisible = 0;
			defaultConfigurationName = Release;
		};
/* End XCConfigurationList section */
	};
	rootObject = 0531A4D918E5DC8E00AABED9 /* Project object */;
}
