// !$*UTF8*$!
{
	archiveVersion = 1;
	classes = {
	};
	objectVersion = 45;
	objects = {

/* Begin PBXAggregateTarget section */
		05CD31680EE939D0000FDE88 /* CrashReporter */ = {
			isa = PBXAggregateTarget;
			buildConfigurationList = 05CD31790EE939E0000FDE88 /* Build configuration list for PBXAggregateTarget "CrashReporter" */;
			buildPhases = (
			);
			dependencies = (
				05CD31700EE939D8000FDE88 /* PBXTargetDependency */,
				05CD316E0EE939D8000FDE88 /* PBXTargetDependency */,
				05CD316C0EE939D8000FDE88 /* PBXTargetDependency */,
				05F40DD80EF7B626008050CF /* PBXTargetDependency */,
				05CD32720EE93E24000FDE88 /* PBXTargetDependency */,
				05CD32EA0EE94105000FDE88 /* PBXTargetDependency */,
				05CD33310EE94473000FDE88 /* PBXTargetDependency */,
			);
			name = CrashReporter;
			productName = CrashReporter;
		};
/* End PBXAggregateTarget section */

/* Begin PBXBuildFile section */
		054F51080EEC73C80034B184 /* PLCrashReporter.h in Headers */ = {isa = PBXBuildFile; fileRef = 054F51070EEC73C80034B184 /* PLCrashReporter.h */; settings = {ATTRIBUTES = (Public, ); }; };
		0550A10E0EECFEC80037F7C3 /* libCrashReporter-iphoneos.a in Frameworks */ = {isa = PBXBuildFile; fileRef = 05CD31520EE936A9000FDE88 /* libCrashReporter-iphoneos.a */; };
		0550A1100EECFEDC0037F7C3 /* libCrashReporter-iphonesimulator.a in Frameworks */ = {isa = PBXBuildFile; fileRef = 05CD31630EE93905000FDE88 /* libCrashReporter-iphonesimulator.a */; };
		059666DC0EEDDFB8008A0601 /* PLCrashFrameWalker.h in Headers */ = {isa = PBXBuildFile; fileRef = 059666DA0EEDDFB8008A0601 /* PLCrashFrameWalker.h */; };
		059666DD0EEDDFB8008A0601 /* PLCrashFrameWalker.c in Sources */ = {isa = PBXBuildFile; fileRef = 059666DB0EEDDFB8008A0601 /* PLCrashFrameWalker.c */; };
		059666DE0EEDDFB8008A0601 /* PLCrashFrameWalker.h in Headers */ = {isa = PBXBuildFile; fileRef = 059666DA0EEDDFB8008A0601 /* PLCrashFrameWalker.h */; };
		059666DF0EEDDFB8008A0601 /* PLCrashFrameWalker.c in Sources */ = {isa = PBXBuildFile; fileRef = 059666DB0EEDDFB8008A0601 /* PLCrashFrameWalker.c */; };
		059666E00EEDDFB8008A0601 /* PLCrashFrameWalker.h in Headers */ = {isa = PBXBuildFile; fileRef = 059666DA0EEDDFB8008A0601 /* PLCrashFrameWalker.h */; };
		059666E10EEDDFB8008A0601 /* PLCrashFrameWalker.c in Sources */ = {isa = PBXBuildFile; fileRef = 059666DB0EEDDFB8008A0601 /* PLCrashFrameWalker.c */; };
		059666E30EEDDFCC008A0601 /* PLCrashFrameWalkerTests.m in Sources */ = {isa = PBXBuildFile; fileRef = 059666E20EEDDFCC008A0601 /* PLCrashFrameWalkerTests.m */; };
		059666E40EEDDFCC008A0601 /* PLCrashFrameWalkerTests.m in Sources */ = {isa = PBXBuildFile; fileRef = 059666E20EEDDFCC008A0601 /* PLCrashFrameWalkerTests.m */; };
		059666E50EEDDFCC008A0601 /* PLCrashFrameWalkerTests.m in Sources */ = {isa = PBXBuildFile; fileRef = 059666E20EEDDFCC008A0601 /* PLCrashFrameWalkerTests.m */; };
		0596675A0EEDECA7008A0601 /* PLCrashFrameWalker_i386.c in Sources */ = {isa = PBXBuildFile; fileRef = 059667590EEDECA7008A0601 /* PLCrashFrameWalker_i386.c */; };
		0596675B0EEDECA7008A0601 /* PLCrashFrameWalker_i386.c in Sources */ = {isa = PBXBuildFile; fileRef = 059667590EEDECA7008A0601 /* PLCrashFrameWalker_i386.c */; };
		0596675C0EEDECA7008A0601 /* PLCrashFrameWalker_i386.c in Sources */ = {isa = PBXBuildFile; fileRef = 059667590EEDECA7008A0601 /* PLCrashFrameWalker_i386.c */; };
		05966A1C0EEE5281008A0601 /* PLCrashFrameWalker_arm.h in Headers */ = {isa = PBXBuildFile; fileRef = 05966A1A0EEE5280008A0601 /* PLCrashFrameWalker_arm.h */; };
		05966A1D0EEE5281008A0601 /* PLCrashFrameWalker_arm.c in Sources */ = {isa = PBXBuildFile; fileRef = 05966A1B0EEE5280008A0601 /* PLCrashFrameWalker_arm.c */; };
		05966A1E0EEE5281008A0601 /* PLCrashFrameWalker_arm.h in Headers */ = {isa = PBXBuildFile; fileRef = 05966A1A0EEE5280008A0601 /* PLCrashFrameWalker_arm.h */; };
		05966A1F0EEE5281008A0601 /* PLCrashFrameWalker_arm.c in Sources */ = {isa = PBXBuildFile; fileRef = 05966A1B0EEE5280008A0601 /* PLCrashFrameWalker_arm.c */; };
		05966A200EEE5281008A0601 /* PLCrashFrameWalker_arm.h in Headers */ = {isa = PBXBuildFile; fileRef = 05966A1A0EEE5280008A0601 /* PLCrashFrameWalker_arm.h */; };
		05966A210EEE5281008A0601 /* PLCrashFrameWalker_arm.c in Sources */ = {isa = PBXBuildFile; fileRef = 05966A1B0EEE5280008A0601 /* PLCrashFrameWalker_arm.c */; };
		059670270EEF6B1A008A0601 /* PLCrashLogWriter.h in Headers */ = {isa = PBXBuildFile; fileRef = 059670250EEF6B1A008A0601 /* PLCrashLogWriter.h */; };
		059670280EEF6B1A008A0601 /* PLCrashLogWriter.m in Sources */ = {isa = PBXBuildFile; fileRef = 059670260EEF6B1A008A0601 /* PLCrashLogWriter.m */; };
		059670290EEF6B1A008A0601 /* PLCrashLogWriter.h in Headers */ = {isa = PBXBuildFile; fileRef = 059670250EEF6B1A008A0601 /* PLCrashLogWriter.h */; };
		0596702A0EEF6B1A008A0601 /* PLCrashLogWriter.m in Sources */ = {isa = PBXBuildFile; fileRef = 059670260EEF6B1A008A0601 /* PLCrashLogWriter.m */; };
		0596702B0EEF6B1A008A0601 /* PLCrashLogWriter.h in Headers */ = {isa = PBXBuildFile; fileRef = 059670250EEF6B1A008A0601 /* PLCrashLogWriter.h */; };
		0596702C0EEF6B1A008A0601 /* PLCrashLogWriter.m in Sources */ = {isa = PBXBuildFile; fileRef = 059670260EEF6B1A008A0601 /* PLCrashLogWriter.m */; };
		0596702E0EEF6B51008A0601 /* PLCrashLogWriterTests.m in Sources */ = {isa = PBXBuildFile; fileRef = 0596702D0EEF6B51008A0601 /* PLCrashLogWriterTests.m */; };
		0596702F0EEF6B51008A0601 /* PLCrashLogWriterTests.m in Sources */ = {isa = PBXBuildFile; fileRef = 0596702D0EEF6B51008A0601 /* PLCrashLogWriterTests.m */; };
		059670300EEF6B51008A0601 /* PLCrashLogWriterTests.m in Sources */ = {isa = PBXBuildFile; fileRef = 0596702D0EEF6B51008A0601 /* PLCrashLogWriterTests.m */; };
		059674780EF0BA03008A0601 /* crash_report.proto in Sources */ = {isa = PBXBuildFile; fileRef = 059670C70EEFAC3A008A0601 /* crash_report.proto */; };
		059674790EF0BA07008A0601 /* crash_report.proto in Sources */ = {isa = PBXBuildFile; fileRef = 059670C70EEFAC3A008A0601 /* crash_report.proto */; };
		059674880EF0BB4A008A0601 /* PLCrashLogWriter.m in Sources */ = {isa = PBXBuildFile; fileRef = 059670260EEF6B1A008A0601 /* PLCrashLogWriter.m */; };
		059674890EF0BB4D008A0601 /* PLCrashLogWriter.m in Sources */ = {isa = PBXBuildFile; fileRef = 059670260EEF6B1A008A0601 /* PLCrashLogWriter.m */; };
		0596748B0EF0BB5C008A0601 /* PLCrashFrameWalker.c in Sources */ = {isa = PBXBuildFile; fileRef = 059666DB0EEDDFB8008A0601 /* PLCrashFrameWalker.c */; };
		0596748C0EF0BB5C008A0601 /* PLCrashFrameWalker_i386.c in Sources */ = {isa = PBXBuildFile; fileRef = 059667590EEDECA7008A0601 /* PLCrashFrameWalker_i386.c */; };
		0596748D0EF0BB5C008A0601 /* PLCrashFrameWalker_arm.c in Sources */ = {isa = PBXBuildFile; fileRef = 05966A1B0EEE5280008A0601 /* PLCrashFrameWalker_arm.c */; };
		0596748E0EF0BB63008A0601 /* PLCrashFrameWalker.c in Sources */ = {isa = PBXBuildFile; fileRef = 059666DB0EEDDFB8008A0601 /* PLCrashFrameWalker.c */; };
		0596748F0EF0BB63008A0601 /* PLCrashFrameWalker_i386.c in Sources */ = {isa = PBXBuildFile; fileRef = 059667590EEDECA7008A0601 /* PLCrashFrameWalker_i386.c */; };
		059674900EF0BB63008A0601 /* PLCrashFrameWalker_arm.c in Sources */ = {isa = PBXBuildFile; fileRef = 05966A1B0EEE5280008A0601 /* PLCrashFrameWalker_arm.c */; };
		059674970EF0BBB4008A0601 /* PLCrashLogWriter.m in Sources */ = {isa = PBXBuildFile; fileRef = 059670260EEF6B1A008A0601 /* PLCrashLogWriter.m */; };
		059674980EF0BBB4008A0601 /* PLCrashFrameWalker.c in Sources */ = {isa = PBXBuildFile; fileRef = 059666DB0EEDDFB8008A0601 /* PLCrashFrameWalker.c */; };
		059674990EF0BBB4008A0601 /* PLCrashFrameWalker_i386.c in Sources */ = {isa = PBXBuildFile; fileRef = 059667590EEDECA7008A0601 /* PLCrashFrameWalker_i386.c */; };
		0596749A0EF0BBB4008A0601 /* PLCrashFrameWalker_arm.c in Sources */ = {isa = PBXBuildFile; fileRef = 05966A1B0EEE5280008A0601 /* PLCrashFrameWalker_arm.c */; };
		0596749B0EF0BBB4008A0601 /* crash_report.proto in Sources */ = {isa = PBXBuildFile; fileRef = 059670C70EEFAC3A008A0601 /* crash_report.proto */; };
		05CD314D0EE9364B000FDE88 /* InfoPlist.strings in Resources */ = {isa = PBXBuildFile; fileRef = 05CD314C0EE9364B000FDE88 /* InfoPlist.strings */; };
		05CD318B0EE93A90000FDE88 /* CrashReporter.h in Headers */ = {isa = PBXBuildFile; fileRef = 05CD31890EE93A90000FDE88 /* CrashReporter.h */; settings = {ATTRIBUTES = (Public, ); }; };
		05CD318C0EE93A90000FDE88 /* CrashReporter.m in Sources */ = {isa = PBXBuildFile; fileRef = 05CD318A0EE93A90000FDE88 /* CrashReporter.m */; };
		05CD318D0EE93A90000FDE88 /* CrashReporter.h in Headers */ = {isa = PBXBuildFile; fileRef = 05CD31890EE93A90000FDE88 /* CrashReporter.h */; };
		05CD318E0EE93A90000FDE88 /* CrashReporter.m in Sources */ = {isa = PBXBuildFile; fileRef = 05CD318A0EE93A90000FDE88 /* CrashReporter.m */; };
		05CD318F0EE93A90000FDE88 /* CrashReporter.h in Headers */ = {isa = PBXBuildFile; fileRef = 05CD31890EE93A90000FDE88 /* CrashReporter.h */; };
		05CD31900EE93A90000FDE88 /* CrashReporter.m in Sources */ = {isa = PBXBuildFile; fileRef = 05CD318A0EE93A90000FDE88 /* CrashReporter.m */; };
		05CD32110EE93AF9000FDE88 /* Foundation.framework in Frameworks */ = {isa = PBXBuildFile; fileRef = 0867D69BFE84028FC02AAC07 /* Foundation.framework */; };
		05CD328E0EE93F7C000FDE88 /* GTMSenTestCase.m in Sources */ = {isa = PBXBuildFile; fileRef = 05CD328D0EE93F7C000FDE88 /* GTMSenTestCase.m */; };
		05CD32B20EE940B8000FDE88 /* GTMIPhoneUnitTestDelegate.m in Sources */ = {isa = PBXBuildFile; fileRef = 05CD32B00EE940B8000FDE88 /* GTMIPhoneUnitTestDelegate.m */; };
		05CD32B30EE940B8000FDE88 /* GTMIPhoneUnitTestMain.m in Sources */ = {isa = PBXBuildFile; fileRef = 05CD32B10EE940B8000FDE88 /* GTMIPhoneUnitTestMain.m */; };
		05CD32F00EE94148000FDE88 /* GTMSenTestCase.m in Sources */ = {isa = PBXBuildFile; fileRef = 05CD328D0EE93F7C000FDE88 /* GTMSenTestCase.m */; };
		05CD332C0EE94464000FDE88 /* GTMSenTestCase.m in Sources */ = {isa = PBXBuildFile; fileRef = 05CD328D0EE93F7C000FDE88 /* GTMSenTestCase.m */; };
		05CD332D0EE94464000FDE88 /* GTMIPhoneUnitTestDelegate.m in Sources */ = {isa = PBXBuildFile; fileRef = 05CD32B00EE940B8000FDE88 /* GTMIPhoneUnitTestDelegate.m */; };
		05CD332E0EE94464000FDE88 /* GTMIPhoneUnitTestMain.m in Sources */ = {isa = PBXBuildFile; fileRef = 05CD32B10EE940B8000FDE88 /* GTMIPhoneUnitTestMain.m */; };
		05CD339C0EE948EB000FDE88 /* PLCrashSignalHandler.h in Headers */ = {isa = PBXBuildFile; fileRef = 05CD339A0EE948EB000FDE88 /* PLCrashSignalHandler.h */; };
		05CD339D0EE948EB000FDE88 /* PLCrashSignalHandler.m in Sources */ = {isa = PBXBuildFile; fileRef = 05CD339B0EE948EB000FDE88 /* PLCrashSignalHandler.m */; };
		05CD339E0EE948EB000FDE88 /* PLCrashSignalHandler.h in Headers */ = {isa = PBXBuildFile; fileRef = 05CD339A0EE948EB000FDE88 /* PLCrashSignalHandler.h */; };
		05CD339F0EE948EB000FDE88 /* PLCrashSignalHandler.m in Sources */ = {isa = PBXBuildFile; fileRef = 05CD339B0EE948EB000FDE88 /* PLCrashSignalHandler.m */; };
		05CD33A00EE948EB000FDE88 /* PLCrashSignalHandler.h in Headers */ = {isa = PBXBuildFile; fileRef = 05CD339A0EE948EB000FDE88 /* PLCrashSignalHandler.h */; };
		05CD33A10EE948EB000FDE88 /* PLCrashSignalHandler.m in Sources */ = {isa = PBXBuildFile; fileRef = 05CD339B0EE948EB000FDE88 /* PLCrashSignalHandler.m */; };
		05CD33A30EE94931000FDE88 /* PLCrashSignalHandlerTests.m in Sources */ = {isa = PBXBuildFile; fileRef = 05CD33A20EE94931000FDE88 /* PLCrashSignalHandlerTests.m */; };
		05CD33A40EE94931000FDE88 /* PLCrashSignalHandlerTests.m in Sources */ = {isa = PBXBuildFile; fileRef = 05CD33A20EE94931000FDE88 /* PLCrashSignalHandlerTests.m */; };
		05CD33A50EE94931000FDE88 /* PLCrashSignalHandlerTests.m in Sources */ = {isa = PBXBuildFile; fileRef = 05CD33A20EE94931000FDE88 /* PLCrashSignalHandlerTests.m */; };
		05CD34380EEA60BB000FDE88 /* CrashReporter.framework in Frameworks */ = {isa = PBXBuildFile; fileRef = 8DC2EF5B0486A6940098B216 /* CrashReporter.framework */; };
		05CD34390EEA60C1000FDE88 /* CrashReporter.framework in Copy Frameworks */ = {isa = PBXBuildFile; fileRef = 8DC2EF5B0486A6940098B216 /* CrashReporter.framework */; };
		05CD36420EF24758000FDE88 /* PLCrashAsync.c in Sources */ = {isa = PBXBuildFile; fileRef = 05CD36410EF24758000FDE88 /* PLCrashAsync.c */; };
		05CD36430EF24758000FDE88 /* PLCrashAsync.c in Sources */ = {isa = PBXBuildFile; fileRef = 05CD36410EF24758000FDE88 /* PLCrashAsync.c */; };
		05CD36440EF24758000FDE88 /* PLCrashAsync.c in Sources */ = {isa = PBXBuildFile; fileRef = 05CD36410EF24758000FDE88 /* PLCrashAsync.c */; };
		05CD36450EF24758000FDE88 /* PLCrashAsync.c in Sources */ = {isa = PBXBuildFile; fileRef = 05CD36410EF24758000FDE88 /* PLCrashAsync.c */; };
		05CD36460EF24758000FDE88 /* PLCrashAsync.c in Sources */ = {isa = PBXBuildFile; fileRef = 05CD36410EF24758000FDE88 /* PLCrashAsync.c */; };
		05CD36470EF24758000FDE88 /* PLCrashAsync.c in Sources */ = {isa = PBXBuildFile; fileRef = 05CD36410EF24758000FDE88 /* PLCrashAsync.c */; };
		05CD36490EF247A9000FDE88 /* PLCrashAsyncTests.m in Sources */ = {isa = PBXBuildFile; fileRef = 05CD36480EF247A9000FDE88 /* PLCrashAsyncTests.m */; };
		05CD364A0EF247A9000FDE88 /* PLCrashAsyncTests.m in Sources */ = {isa = PBXBuildFile; fileRef = 05CD36480EF247A9000FDE88 /* PLCrashAsyncTests.m */; };
		05CD364B0EF247A9000FDE88 /* PLCrashAsyncTests.m in Sources */ = {isa = PBXBuildFile; fileRef = 05CD36480EF247A9000FDE88 /* PLCrashAsyncTests.m */; };
		05CD36CE0EF25717000FDE88 /* PLCrashLogWriterEncoding.c in Sources */ = {isa = PBXBuildFile; fileRef = 05CD36CD0EF25717000FDE88 /* PLCrashLogWriterEncoding.c */; };
		05CD36CF0EF25717000FDE88 /* PLCrashLogWriterEncoding.c in Sources */ = {isa = PBXBuildFile; fileRef = 05CD36CD0EF25717000FDE88 /* PLCrashLogWriterEncoding.c */; };
		05CD36D00EF25717000FDE88 /* PLCrashLogWriterEncoding.c in Sources */ = {isa = PBXBuildFile; fileRef = 05CD36CD0EF25717000FDE88 /* PLCrashLogWriterEncoding.c */; };
		05CD36D10EF25717000FDE88 /* PLCrashLogWriterEncoding.h in Headers */ = {isa = PBXBuildFile; fileRef = 05CD36CC0EF25717000FDE88 /* PLCrashLogWriterEncoding.h */; };
		05CD36D20EF25717000FDE88 /* PLCrashLogWriterEncoding.c in Sources */ = {isa = PBXBuildFile; fileRef = 05CD36CD0EF25717000FDE88 /* PLCrashLogWriterEncoding.c */; };
		05CD36D30EF25717000FDE88 /* PLCrashLogWriterEncoding.h in Headers */ = {isa = PBXBuildFile; fileRef = 05CD36CC0EF25717000FDE88 /* PLCrashLogWriterEncoding.h */; };
		05CD36D40EF25717000FDE88 /* PLCrashLogWriterEncoding.c in Sources */ = {isa = PBXBuildFile; fileRef = 05CD36CD0EF25717000FDE88 /* PLCrashLogWriterEncoding.c */; };
		05CD36D50EF25717000FDE88 /* PLCrashLogWriterEncoding.h in Headers */ = {isa = PBXBuildFile; fileRef = 05CD36CC0EF25717000FDE88 /* PLCrashLogWriterEncoding.h */; };
		05CD36D60EF25717000FDE88 /* PLCrashLogWriterEncoding.c in Sources */ = {isa = PBXBuildFile; fileRef = 05CD36CD0EF25717000FDE88 /* PLCrashLogWriterEncoding.c */; };
		05F40ACB0EF7379F008050CF /* PLCrashReporter.m in Sources */ = {isa = PBXBuildFile; fileRef = 05F40ACA0EF7379F008050CF /* PLCrashReporter.m */; };
		05F40ACC0EF7379F008050CF /* PLCrashReporter.m in Sources */ = {isa = PBXBuildFile; fileRef = 05F40ACA0EF7379F008050CF /* PLCrashReporter.m */; };
		05F40ACD0EF7379F008050CF /* PLCrashReporter.m in Sources */ = {isa = PBXBuildFile; fileRef = 05F40ACA0EF7379F008050CF /* PLCrashReporter.m */; };
		05F40AD80EF73A07008050CF /* PLCrashSignalHandler.m in Sources */ = {isa = PBXBuildFile; fileRef = 05CD339B0EE948EB000FDE88 /* PLCrashSignalHandler.m */; };
		05F40AD90EF73A11008050CF /* PLCrashSignalHandler.m in Sources */ = {isa = PBXBuildFile; fileRef = 05CD339B0EE948EB000FDE88 /* PLCrashSignalHandler.m */; };
		05F40ADA0EF73A18008050CF /* PLCrashSignalHandler.m in Sources */ = {isa = PBXBuildFile; fileRef = 05CD339B0EE948EB000FDE88 /* PLCrashSignalHandler.m */; };
		05F40ADE0EF73A39008050CF /* PLCrashReporterTests.m in Sources */ = {isa = PBXBuildFile; fileRef = 05F40ADD0EF73A39008050CF /* PLCrashReporterTests.m */; };
		05F40ADF0EF73A39008050CF /* PLCrashReporterTests.m in Sources */ = {isa = PBXBuildFile; fileRef = 05F40ADD0EF73A39008050CF /* PLCrashReporterTests.m */; };
		05F40AE00EF73A39008050CF /* PLCrashReporterTests.m in Sources */ = {isa = PBXBuildFile; fileRef = 05F40ADD0EF73A39008050CF /* PLCrashReporterTests.m */; };
		05F40CF20EF7AC0E008050CF /* main.m in Sources */ = {isa = PBXBuildFile; fileRef = 05F40CF10EF7AC0E008050CF /* main.m */; };
		05F40CF50EF7AC82008050CF /* CrashReporter.framework in Frameworks */ = {isa = PBXBuildFile; fileRef = 8DC2EF5B0486A6940098B216 /* CrashReporter.framework */; };
		05F40CFA0EF7AC96008050CF /* CrashReporter.framework in Copy Frameworks */ = {isa = PBXBuildFile; fileRef = 8DC2EF5B0486A6940098B216 /* CrashReporter.framework */; };
		05F40F840EF850FC008050CF /* protobuf-c.c in Sources */ = {isa = PBXBuildFile; fileRef = 05F40F830EF850FC008050CF /* protobuf-c.c */; };
		05F40F850EF850FC008050CF /* protobuf-c.c in Sources */ = {isa = PBXBuildFile; fileRef = 05F40F830EF850FC008050CF /* protobuf-c.c */; };
		05F40F860EF850FC008050CF /* protobuf-c.c in Sources */ = {isa = PBXBuildFile; fileRef = 05F40F830EF850FC008050CF /* protobuf-c.c */; };
		05F411A60EF8DA31008050CF /* PLCrashLog.h in Headers */ = {isa = PBXBuildFile; fileRef = 05F411A40EF8DA31008050CF /* PLCrashLog.h */; };
		05F411A70EF8DA31008050CF /* PLCrashLog.m in Sources */ = {isa = PBXBuildFile; fileRef = 05F411A50EF8DA31008050CF /* PLCrashLog.m */; };
		05F411A80EF8DA31008050CF /* PLCrashLog.h in Headers */ = {isa = PBXBuildFile; fileRef = 05F411A40EF8DA31008050CF /* PLCrashLog.h */; };
		05F411A90EF8DA31008050CF /* PLCrashLog.m in Sources */ = {isa = PBXBuildFile; fileRef = 05F411A50EF8DA31008050CF /* PLCrashLog.m */; };
		05F411AA0EF8DA31008050CF /* PLCrashLog.h in Headers */ = {isa = PBXBuildFile; fileRef = 05F411A40EF8DA31008050CF /* PLCrashLog.h */; settings = {ATTRIBUTES = (Public, ); }; };
		05F411AB0EF8DA31008050CF /* PLCrashLog.m in Sources */ = {isa = PBXBuildFile; fileRef = 05F411A50EF8DA31008050CF /* PLCrashLog.m */; };
		05F411AD0EF8DE68008050CF /* PLCrashLogTests.m in Sources */ = {isa = PBXBuildFile; fileRef = 05F411AC0EF8DE68008050CF /* PLCrashLogTests.m */; };
		05F411AE0EF8DE68008050CF /* PLCrashLogTests.m in Sources */ = {isa = PBXBuildFile; fileRef = 05F411AC0EF8DE68008050CF /* PLCrashLogTests.m */; };
		05F411AF0EF8DE68008050CF /* PLCrashLogTests.m in Sources */ = {isa = PBXBuildFile; fileRef = 05F411AC0EF8DE68008050CF /* PLCrashLogTests.m */; };
		05F411F30EF8DFD3008050CF /* crash_report.proto in Sources */ = {isa = PBXBuildFile; fileRef = 059670C70EEFAC3A008A0601 /* crash_report.proto */; };
		05F411F40EF8DFDA008050CF /* crash_report.proto in Sources */ = {isa = PBXBuildFile; fileRef = 059670C70EEFAC3A008A0601 /* crash_report.proto */; };
		05F411F50EF8DFE4008050CF /* crash_report.proto in Sources */ = {isa = PBXBuildFile; fileRef = 059670C70EEFAC3A008A0601 /* crash_report.proto */; };
		05F411F70EF8E001008050CF /* protobuf-c.c in Sources */ = {isa = PBXBuildFile; fileRef = 05F40F830EF850FC008050CF /* protobuf-c.c */; };
		05F411F90EF8E013008050CF /* protobuf-c.c in Sources */ = {isa = PBXBuildFile; fileRef = 05F40F830EF850FC008050CF /* protobuf-c.c */; };
		05F411FB0EF8E023008050CF /* protobuf-c.c in Sources */ = {isa = PBXBuildFile; fileRef = 05F40F830EF850FC008050CF /* protobuf-c.c */; };
		05F413450EF995C0008050CF /* PLCrashLogSystemInfo.h in Headers */ = {isa = PBXBuildFile; fileRef = 05F413430EF995C0008050CF /* PLCrashLogSystemInfo.h */; };
		05F413460EF995C0008050CF /* PLCrashLogSystemInfo.m in Sources */ = {isa = PBXBuildFile; fileRef = 05F413440EF995C0008050CF /* PLCrashLogSystemInfo.m */; };
		05F413470EF995C0008050CF /* PLCrashLogSystemInfo.h in Headers */ = {isa = PBXBuildFile; fileRef = 05F413430EF995C0008050CF /* PLCrashLogSystemInfo.h */; };
		05F413480EF995C0008050CF /* PLCrashLogSystemInfo.m in Sources */ = {isa = PBXBuildFile; fileRef = 05F413440EF995C0008050CF /* PLCrashLogSystemInfo.m */; };
		05F413490EF995C0008050CF /* PLCrashLogSystemInfo.h in Headers */ = {isa = PBXBuildFile; fileRef = 05F413430EF995C0008050CF /* PLCrashLogSystemInfo.h */; settings = {ATTRIBUTES = (Public, ); }; };
		05F4134A0EF995C0008050CF /* PLCrashLogSystemInfo.m in Sources */ = {isa = PBXBuildFile; fileRef = 05F413440EF995C0008050CF /* PLCrashLogSystemInfo.m */; };
		05F4141E0EF9A6C4008050CF /* PLCrashLogApplicationInfo.h in Headers */ = {isa = PBXBuildFile; fileRef = 05F4141C0EF9A6C4008050CF /* PLCrashLogApplicationInfo.h */; };
		05F4141F0EF9A6C4008050CF /* PLCrashLogApplicationInfo.m in Sources */ = {isa = PBXBuildFile; fileRef = 05F4141D0EF9A6C4008050CF /* PLCrashLogApplicationInfo.m */; };
		05F414200EF9A6C4008050CF /* PLCrashLogApplicationInfo.h in Headers */ = {isa = PBXBuildFile; fileRef = 05F4141C0EF9A6C4008050CF /* PLCrashLogApplicationInfo.h */; settings = {ATTRIBUTES = (Public, ); }; };
		05F414210EF9A6C4008050CF /* PLCrashLogApplicationInfo.m in Sources */ = {isa = PBXBuildFile; fileRef = 05F4141D0EF9A6C4008050CF /* PLCrashLogApplicationInfo.m */; };
		05F414220EF9A6C4008050CF /* PLCrashLogApplicationInfo.h in Headers */ = {isa = PBXBuildFile; fileRef = 05F4141C0EF9A6C4008050CF /* PLCrashLogApplicationInfo.h */; };
		05F414230EF9A6C4008050CF /* PLCrashLogApplicationInfo.m in Sources */ = {isa = PBXBuildFile; fileRef = 05F4141D0EF9A6C4008050CF /* PLCrashLogApplicationInfo.m */; };
		05F414820EF9BFAC008050CF /* PLCrashLogThreadInfo.h in Headers */ = {isa = PBXBuildFile; fileRef = 05F414800EF9BFAC008050CF /* PLCrashLogThreadInfo.h */; };
		05F414830EF9BFAC008050CF /* PLCrashLogThreadInfo.m in Sources */ = {isa = PBXBuildFile; fileRef = 05F414810EF9BFAC008050CF /* PLCrashLogThreadInfo.m */; };
		05F414840EF9BFAC008050CF /* PLCrashLogThreadInfo.h in Headers */ = {isa = PBXBuildFile; fileRef = 05F414800EF9BFAC008050CF /* PLCrashLogThreadInfo.h */; settings = {ATTRIBUTES = (Public, ); }; };
		05F414850EF9BFAC008050CF /* PLCrashLogThreadInfo.m in Sources */ = {isa = PBXBuildFile; fileRef = 05F414810EF9BFAC008050CF /* PLCrashLogThreadInfo.m */; };
		05F414860EF9BFAC008050CF /* PLCrashLogThreadInfo.h in Headers */ = {isa = PBXBuildFile; fileRef = 05F414800EF9BFAC008050CF /* PLCrashLogThreadInfo.h */; };
		05F414870EF9BFAC008050CF /* PLCrashLogThreadInfo.m in Sources */ = {isa = PBXBuildFile; fileRef = 05F414810EF9BFAC008050CF /* PLCrashLogThreadInfo.m */; };
		05F4150D0EF9DD9B008050CF /* PLCrashLogBinaryImageInfo.h in Headers */ = {isa = PBXBuildFile; fileRef = 05F4150B0EF9DD9B008050CF /* PLCrashLogBinaryImageInfo.h */; };
		05F4150E0EF9DD9B008050CF /* PLCrashLogBinaryImageInfo.m in Sources */ = {isa = PBXBuildFile; fileRef = 05F4150C0EF9DD9B008050CF /* PLCrashLogBinaryImageInfo.m */; };
		05F4150F0EF9DD9B008050CF /* PLCrashLogBinaryImageInfo.h in Headers */ = {isa = PBXBuildFile; fileRef = 05F4150B0EF9DD9B008050CF /* PLCrashLogBinaryImageInfo.h */; settings = {ATTRIBUTES = (Public, ); }; };
		05F415100EF9DD9B008050CF /* PLCrashLogBinaryImageInfo.m in Sources */ = {isa = PBXBuildFile; fileRef = 05F4150C0EF9DD9B008050CF /* PLCrashLogBinaryImageInfo.m */; };
		05F415110EF9DD9B008050CF /* PLCrashLogBinaryImageInfo.h in Headers */ = {isa = PBXBuildFile; fileRef = 05F4150B0EF9DD9B008050CF /* PLCrashLogBinaryImageInfo.h */; };
		05F415120EF9DD9B008050CF /* PLCrashLogBinaryImageInfo.m in Sources */ = {isa = PBXBuildFile; fileRef = 05F4150C0EF9DD9B008050CF /* PLCrashLogBinaryImageInfo.m */; };
		05F415530EF9E078008050CF /* PLCrashLogExceptionInfo.h in Headers */ = {isa = PBXBuildFile; fileRef = 05F415510EF9E078008050CF /* PLCrashLogExceptionInfo.h */; };
		05F415540EF9E078008050CF /* PLCrashLogExceptionInfo.m in Sources */ = {isa = PBXBuildFile; fileRef = 05F415520EF9E078008050CF /* PLCrashLogExceptionInfo.m */; };
		05F415550EF9E078008050CF /* PLCrashLogExceptionInfo.h in Headers */ = {isa = PBXBuildFile; fileRef = 05F415510EF9E078008050CF /* PLCrashLogExceptionInfo.h */; settings = {ATTRIBUTES = (Public, ); }; };
		05F415560EF9E078008050CF /* PLCrashLogExceptionInfo.m in Sources */ = {isa = PBXBuildFile; fileRef = 05F415520EF9E078008050CF /* PLCrashLogExceptionInfo.m */; };
		05F415570EF9E078008050CF /* PLCrashLogExceptionInfo.h in Headers */ = {isa = PBXBuildFile; fileRef = 05F415510EF9E078008050CF /* PLCrashLogExceptionInfo.h */; };
		05F415580EF9E078008050CF /* PLCrashLogExceptionInfo.m in Sources */ = {isa = PBXBuildFile; fileRef = 05F415520EF9E078008050CF /* PLCrashLogExceptionInfo.m */; };
/* End PBXBuildFile section */

/* Begin PBXBuildRule section */
		059670E20EEFAD8C008A0601 /* PBXBuildRule */ = {
			isa = PBXBuildRule;
			compilerSpec = com.apple.compilers.proxy.script;
			filePatterns = "*.proto";
			fileType = pattern.proxy;
			isEditable = 1;
			outputFiles = (
				"$(INPUT_FILE_BASE).pb-c.c",
				"$(INPUT_FILE_BASE).pb-c.h",
			);
			script = "cd \"${INPUT_FILE_DIR}\" && \"${SRCROOT}/Dependencies/protobuf-2.0.3/bin/protoc-c\" --c_out=\"${DERIVED_FILES_DIR}\" \"${INPUT_FILE_NAME}\"";
		};
		0596747A0EF0BA2F008A0601 /* PBXBuildRule */ = {
			isa = PBXBuildRule;
			compilerSpec = com.apple.compilers.proxy.script;
			filePatterns = "*.proto";
			fileType = pattern.proxy;
			isEditable = 1;
			outputFiles = (
				"$(INPUT_FILE_BASE).pb-c.c",
				"$(INPUT_FILE_BASE).pb-c.h",
			);
			script = "cd \"${INPUT_FILE_DIR}\" && \"${SRCROOT}/Dependencies/protobuf-2.0.3/bin/protoc-c\" --c_out=\"${DERIVED_FILES_DIR}\" \"${INPUT_FILE_NAME}\"";
		};
		0596747B0EF0BA2F008A0601 /* PBXBuildRule */ = {
			isa = PBXBuildRule;
			compilerSpec = com.apple.compilers.proxy.script;
			filePatterns = "*.proto";
			fileType = pattern.proxy;
			isEditable = 1;
			outputFiles = (
				"$(INPUT_FILE_BASE).pb-c.c",
				"$(INPUT_FILE_BASE).pb-c.h",
			);
			script = "cd \"${INPUT_FILE_DIR}\" && \"${SRCROOT}/Dependencies/protobuf-2.0.3/bin/protoc-c\" --c_out=\"${DERIVED_FILES_DIR}\" \"${INPUT_FILE_NAME}\"";
		};
		05F411F10EF8DF79008050CF /* PBXBuildRule */ = {
			isa = PBXBuildRule;
			compilerSpec = com.apple.compilers.proxy.script;
			filePatterns = "*.proto";
			fileType = pattern.proxy;
			isEditable = 1;
			outputFiles = (
				"$(INPUT_FILE_BASE).pb-c.c",
				"$(INPUT_FILE_BASE).pb-c.h",
			);
			script = "cd \"${INPUT_FILE_DIR}\" && \"${SRCROOT}/Dependencies/protobuf-2.0.3/bin/protoc-c\" --c_out=\"${DERIVED_FILES_DIR}\" \"${INPUT_FILE_NAME}\"";
		};
		05F411FE0EF8E070008050CF /* PBXBuildRule */ = {
			isa = PBXBuildRule;
			compilerSpec = com.apple.compilers.proxy.script;
			filePatterns = "*.proto";
			fileType = pattern.proxy;
			isEditable = 1;
			outputFiles = (
				"$(INPUT_FILE_BASE).pb-c.c",
				"$(INPUT_FILE_BASE).pb-c.h",
			);
			script = "cd \"${INPUT_FILE_DIR}\" && \"${SRCROOT}/Dependencies/protobuf-2.0.3/bin/protoc-c\" --c_out=\"${DERIVED_FILES_DIR}\" \"${INPUT_FILE_NAME}\"";
		};
		05F411FF0EF8E070008050CF /* PBXBuildRule */ = {
			isa = PBXBuildRule;
			compilerSpec = com.apple.compilers.proxy.script;
			filePatterns = "*.proto";
			fileType = pattern.proxy;
			isEditable = 1;
			outputFiles = (
				"$(INPUT_FILE_BASE).pb-c.c",
				"$(INPUT_FILE_BASE).pb-c.h",
			);
			script = "cd \"${INPUT_FILE_DIR}\" && \"${SRCROOT}/Dependencies/protobuf-2.0.3/bin/protoc-c\" --c_out=\"${DERIVED_FILES_DIR}\" \"${INPUT_FILE_NAME}\"";
		};
/* End PBXBuildRule section */

/* Begin PBXContainerItemProxy section */
		054F50E80EEC50B30034B184 /* PBXContainerItemProxy */ = {
			isa = PBXContainerItemProxy;
			containerPortal = 0867D690FE84028FC02AAC07 /* Project object */;
			proxyType = 1;
			remoteGlobalIDString = 05CD31510EE936A9000FDE88;
			remoteInfo = "CrashReporter-iPhoneOS";
		};
		05CD316B0EE939D8000FDE88 /* PBXContainerItemProxy */ = {
			isa = PBXContainerItemProxy;
			containerPortal = 0867D690FE84028FC02AAC07 /* Project object */;
			proxyType = 1;
			remoteGlobalIDString = 05CD31620EE93905000FDE88;
			remoteInfo = "CrashReporter-iPhoneSimulator";
		};
		05CD316D0EE939D8000FDE88 /* PBXContainerItemProxy */ = {
			isa = PBXContainerItemProxy;
			containerPortal = 0867D690FE84028FC02AAC07 /* Project object */;
			proxyType = 1;
			remoteGlobalIDString = 05CD31510EE936A9000FDE88;
			remoteInfo = "CrashReporter-iPhoneOS";
		};
		05CD316F0EE939D8000FDE88 /* PBXContainerItemProxy */ = {
			isa = PBXContainerItemProxy;
			containerPortal = 0867D690FE84028FC02AAC07 /* Project object */;
			proxyType = 1;
			remoteGlobalIDString = 8DC2EF4F0486A6940098B216;
			remoteInfo = "CrashReporter-MacOSX";
		};
		05CD31710EE939DC000FDE88 /* PBXContainerItemProxy */ = {
			isa = PBXContainerItemProxy;
			containerPortal = 0867D690FE84028FC02AAC07 /* Project object */;
			proxyType = 1;
			remoteGlobalIDString = 8DC2EF4F0486A6940098B216;
			remoteInfo = "CrashReporter-MacOSX";
		};
		05CD31730EE939DF000FDE88 /* PBXContainerItemProxy */ = {
			isa = PBXContainerItemProxy;
			containerPortal = 0867D690FE84028FC02AAC07 /* Project object */;
			proxyType = 1;
			remoteGlobalIDString = 8DC2EF4F0486A6940098B216;
			remoteInfo = "CrashReporter-MacOSX";
		};
		05CD32710EE93E24000FDE88 /* PBXContainerItemProxy */ = {
			isa = PBXContainerItemProxy;
			containerPortal = 0867D690FE84028FC02AAC07 /* Project object */;
			proxyType = 1;
			remoteGlobalIDString = 05CD32680EE93DC3000FDE88;
			remoteInfo = "Tests-MacOSX";
		};
		05CD32E90EE94105000FDE88 /* PBXContainerItemProxy */ = {
			isa = PBXContainerItemProxy;
			containerPortal = 0867D690FE84028FC02AAC07 /* Project object */;
			proxyType = 1;
			remoteGlobalIDString = 05CD32A80EE94062000FDE88;
			remoteInfo = "Tests-iPhoneSimulator";
		};
		05CD32F20EE94153000FDE88 /* PBXContainerItemProxy */ = {
			isa = PBXContainerItemProxy;
			containerPortal = 0867D690FE84028FC02AAC07 /* Project object */;
			proxyType = 1;
			remoteGlobalIDString = 05CD31620EE93905000FDE88;
			remoteInfo = "CrashReporter-iPhoneSimulator";
		};
		05CD33300EE94473000FDE88 /* PBXContainerItemProxy */ = {
			isa = PBXContainerItemProxy;
			containerPortal = 0867D690FE84028FC02AAC07 /* Project object */;
			proxyType = 1;
			remoteGlobalIDString = 05CD33230EE94439000FDE88;
			remoteInfo = "Tests-iPhoneOS";
		};
		05CD34290EEA5FFA000FDE88 /* PBXContainerItemProxy */ = {
			isa = PBXContainerItemProxy;
			containerPortal = 0867D690FE84028FC02AAC07 /* Project object */;
			proxyType = 1;
			remoteGlobalIDString = 8DC2EF4F0486A6940098B216;
			remoteInfo = "CrashReporter-MacOSX";
		};
		05F40CFC0EF7AC9D008050CF /* PBXContainerItemProxy */ = {
			isa = PBXContainerItemProxy;
			containerPortal = 0867D690FE84028FC02AAC07 /* Project object */;
			proxyType = 1;
			remoteGlobalIDString = 8DC2EF4F0486A6940098B216;
			remoteInfo = "CrashReporter-MacOSX";
		};
		05F40DD70EF7B626008050CF /* PBXContainerItemProxy */ = {
			isa = PBXContainerItemProxy;
			containerPortal = 0867D690FE84028FC02AAC07 /* Project object */;
			proxyType = 1;
			remoteGlobalIDString = 05F40CE60EF7AB80008050CF;
			remoteInfo = DemoCrash;
		};
/* End PBXContainerItemProxy section */

/* Begin PBXCopyFilesBuildPhase section */
		05CD34410EEA60F8000FDE88 /* Copy Frameworks */ = {
			isa = PBXCopyFilesBuildPhase;
			buildActionMask = 2147483647;
			dstPath = "";
			dstSubfolderSpec = 10;
			files = (
				05CD34390EEA60C1000FDE88 /* CrashReporter.framework in Copy Frameworks */,
			);
			name = "Copy Frameworks";
			runOnlyForDeploymentPostprocessing = 0;
		};
		05F40D270EF7AD0F008050CF /* Copy Frameworks */ = {
			isa = PBXCopyFilesBuildPhase;
			buildActionMask = 2147483647;
			dstPath = "";
			dstSubfolderSpec = 10;
			files = (
				05F40CFA0EF7AC96008050CF /* CrashReporter.framework in Copy Frameworks */,
			);
			name = "Copy Frameworks";
			runOnlyForDeploymentPostprocessing = 0;
		};
/* End PBXCopyFilesBuildPhase section */

/* Begin PBXFileReference section */
		054F51070EEC73C80034B184 /* PLCrashReporter.h */ = {isa = PBXFileReference; fileEncoding = 4; lastKnownFileType = sourcecode.c.h; path = PLCrashReporter.h; sourceTree = "<group>"; };
		059666DA0EEDDFB8008A0601 /* PLCrashFrameWalker.h */ = {isa = PBXFileReference; fileEncoding = 4; lastKnownFileType = sourcecode.c.h; path = PLCrashFrameWalker.h; sourceTree = "<group>"; };
		059666DB0EEDDFB8008A0601 /* PLCrashFrameWalker.c */ = {isa = PBXFileReference; fileEncoding = 4; lastKnownFileType = sourcecode.c.c; path = PLCrashFrameWalker.c; sourceTree = "<group>"; };
		059666E20EEDDFCC008A0601 /* PLCrashFrameWalkerTests.m */ = {isa = PBXFileReference; fileEncoding = 4; lastKnownFileType = sourcecode.c.objc; path = PLCrashFrameWalkerTests.m; sourceTree = "<group>"; };
		0596672E0EEDEA97008A0601 /* PLCrashFrameWalker_i386.h */ = {isa = PBXFileReference; fileEncoding = 4; lastKnownFileType = sourcecode.c.h; path = PLCrashFrameWalker_i386.h; sourceTree = "<group>"; };
		059667590EEDECA7008A0601 /* PLCrashFrameWalker_i386.c */ = {isa = PBXFileReference; fileEncoding = 4; lastKnownFileType = sourcecode.c.c; path = PLCrashFrameWalker_i386.c; sourceTree = "<group>"; };
		05966A1A0EEE5280008A0601 /* PLCrashFrameWalker_arm.h */ = {isa = PBXFileReference; fileEncoding = 4; lastKnownFileType = sourcecode.c.h; path = PLCrashFrameWalker_arm.h; sourceTree = "<group>"; };
		05966A1B0EEE5280008A0601 /* PLCrashFrameWalker_arm.c */ = {isa = PBXFileReference; fileEncoding = 4; lastKnownFileType = sourcecode.c.c; path = PLCrashFrameWalker_arm.c; sourceTree = "<group>"; };
		059670250EEF6B1A008A0601 /* PLCrashLogWriter.h */ = {isa = PBXFileReference; fileEncoding = 4; lastKnownFileType = sourcecode.c.h; path = PLCrashLogWriter.h; sourceTree = "<group>"; };
		059670260EEF6B1A008A0601 /* PLCrashLogWriter.m */ = {isa = PBXFileReference; fileEncoding = 4; lastKnownFileType = sourcecode.c.objc; path = PLCrashLogWriter.m; sourceTree = "<group>"; };
		0596702D0EEF6B51008A0601 /* PLCrashLogWriterTests.m */ = {isa = PBXFileReference; fileEncoding = 4; lastKnownFileType = sourcecode.c.objc; path = PLCrashLogWriterTests.m; sourceTree = "<group>"; };
		059670C70EEFAC3A008A0601 /* crash_report.proto */ = {isa = PBXFileReference; fileEncoding = 4; lastKnownFileType = text; name = crash_report.proto; path = Resources/crash_report.proto; sourceTree = "<group>"; };
		0596710F0EEFADA6008A0601 /* libprotobuf-MacOSX.3.dylib */ = {isa = PBXFileReference; lastKnownFileType = "compiled.mach-o.dylib"; path = "libprotobuf-MacOSX.3.dylib"; sourceTree = "<group>"; };
		059671120EEFADA6008A0601 /* libprotoc-MacOSX.3.dylib */ = {isa = PBXFileReference; lastKnownFileType = "compiled.mach-o.dylib"; path = "libprotoc-MacOSX.3.dylib"; sourceTree = "<group>"; };
		059671140EEFADA6008A0601 /* README.txt */ = {isa = PBXFileReference; fileEncoding = 4; lastKnownFileType = text; path = README.txt; sourceTree = "<group>"; };
		059672F00EF08564008A0601 /* PLCrashAsync.h */ = {isa = PBXFileReference; fileEncoding = 4; lastKnownFileType = sourcecode.c.h; path = PLCrashAsync.h; sourceTree = "<group>"; };
		05CD314A0EE93647000FDE88 /* English */ = {isa = PBXFileReference; fileEncoding = 10; lastKnownFileType = text.plist.strings; name = English; path = Resources/English.lproj/InfoPlist.strings; sourceTree = "<group>"; };
		05CD31520EE936A9000FDE88 /* libCrashReporter-iphoneos.a */ = {isa = PBXFileReference; explicitFileType = archive.ar; includeInIndex = 0; path = "libCrashReporter-iphoneos.a"; sourceTree = BUILT_PRODUCTS_DIR; };
		05CD31630EE93905000FDE88 /* libCrashReporter-iphonesimulator.a */ = {isa = PBXFileReference; explicitFileType = archive.ar; includeInIndex = 0; path = "libCrashReporter-iphonesimulator.a"; sourceTree = BUILT_PRODUCTS_DIR; };
		05CD31890EE93A90000FDE88 /* CrashReporter.h */ = {isa = PBXFileReference; fileEncoding = 4; lastKnownFileType = sourcecode.c.h; path = CrashReporter.h; sourceTree = "<group>"; };
		05CD318A0EE93A90000FDE88 /* CrashReporter.m */ = {isa = PBXFileReference; fileEncoding = 4; lastKnownFileType = sourcecode.c.objc; path = CrashReporter.m; sourceTree = "<group>"; };
		05CD32690EE93DC3000FDE88 /* Tests-MacOSX.octest */ = {isa = PBXFileReference; explicitFileType = wrapper.cfbundle; includeInIndex = 0; path = "Tests-MacOSX.octest"; sourceTree = BUILT_PRODUCTS_DIR; };
		05CD326A0EE93DC3000FDE88 /* Tests-MacOSX-Info.plist */ = {isa = PBXFileReference; lastKnownFileType = text.plist.xml; name = "Tests-MacOSX-Info.plist"; path = "Resources/Tests-MacOSX-Info.plist"; sourceTree = "<group>"; };
		05CD328B0EE93F5E000FDE88 /* GTMDefines.h */ = {isa = PBXFileReference; fileEncoding = 4; lastKnownFileType = sourcecode.c.h; name = GTMDefines.h; path = "google-toolbox-for-mac-1-5-1/GTMDefines.h"; sourceTree = "<group>"; };
		05CD328C0EE93F7C000FDE88 /* GTMSenTestCase.h */ = {isa = PBXFileReference; fileEncoding = 4; lastKnownFileType = sourcecode.c.h; name = GTMSenTestCase.h; path = "google-toolbox-for-mac-1-5-1/UnitTesting/GTMSenTestCase.h"; sourceTree = "<group>"; };
		05CD328D0EE93F7C000FDE88 /* GTMSenTestCase.m */ = {isa = PBXFileReference; fileEncoding = 4; lastKnownFileType = sourcecode.c.objc; name = GTMSenTestCase.m; path = "google-toolbox-for-mac-1-5-1/UnitTesting/GTMSenTestCase.m"; sourceTree = "<group>"; };
		05CD32A90EE94062000FDE88 /* Tests-iPhoneSimulator.app */ = {isa = PBXFileReference; explicitFileType = wrapper.application; includeInIndex = 0; path = "Tests-iPhoneSimulator.app"; sourceTree = BUILT_PRODUCTS_DIR; };
		05CD32AF0EE94086000FDE88 /* Tests-iPhone-Info.plist */ = {isa = PBXFileReference; fileEncoding = 4; lastKnownFileType = text.plist.xml; name = "Tests-iPhone-Info.plist"; path = "Resources/Tests-iPhone-Info.plist"; sourceTree = "<group>"; };
		05CD32B00EE940B8000FDE88 /* GTMIPhoneUnitTestDelegate.m */ = {isa = PBXFileReference; fileEncoding = 4; lastKnownFileType = sourcecode.c.objc; name = GTMIPhoneUnitTestDelegate.m; path = "google-toolbox-for-mac-1-5-1/UnitTesting/GTMIPhoneUnitTestDelegate.m"; sourceTree = "<group>"; };
		05CD32B10EE940B8000FDE88 /* GTMIPhoneUnitTestMain.m */ = {isa = PBXFileReference; fileEncoding = 4; lastKnownFileType = sourcecode.c.objc; name = GTMIPhoneUnitTestMain.m; path = "google-toolbox-for-mac-1-5-1/UnitTesting/GTMIPhoneUnitTestMain.m"; sourceTree = "<group>"; };
		05CD33240EE94439000FDE88 /* Tests-iPhoneOS.app */ = {isa = PBXFileReference; explicitFileType = wrapper.application; includeInIndex = 0; path = "Tests-iPhoneOS.app"; sourceTree = BUILT_PRODUCTS_DIR; };
		05CD33520EE9457D000FDE88 /* CrashReporter.exp */ = {isa = PBXFileReference; fileEncoding = 4; lastKnownFileType = sourcecode.exports; name = CrashReporter.exp; path = Resources/CrashReporter.exp; sourceTree = "<group>"; };
		05CD339A0EE948EB000FDE88 /* PLCrashSignalHandler.h */ = {isa = PBXFileReference; fileEncoding = 4; lastKnownFileType = sourcecode.c.h; path = PLCrashSignalHandler.h; sourceTree = "<group>"; };
		05CD339B0EE948EB000FDE88 /* PLCrashSignalHandler.m */ = {isa = PBXFileReference; fileEncoding = 4; lastKnownFileType = sourcecode.c.objc; path = PLCrashSignalHandler.m; sourceTree = "<group>"; };
		05CD33A20EE94931000FDE88 /* PLCrashSignalHandlerTests.m */ = {isa = PBXFileReference; fileEncoding = 4; lastKnownFileType = sourcecode.c.objc; path = PLCrashSignalHandlerTests.m; sourceTree = "<group>"; };
		05CD36410EF24758000FDE88 /* PLCrashAsync.c */ = {isa = PBXFileReference; fileEncoding = 4; lastKnownFileType = sourcecode.c.c; path = PLCrashAsync.c; sourceTree = "<group>"; };
		05CD36480EF247A9000FDE88 /* PLCrashAsyncTests.m */ = {isa = PBXFileReference; fileEncoding = 4; lastKnownFileType = sourcecode.c.objc; path = PLCrashAsyncTests.m; sourceTree = "<group>"; };
		05CD36CC0EF25717000FDE88 /* PLCrashLogWriterEncoding.h */ = {isa = PBXFileReference; fileEncoding = 4; lastKnownFileType = sourcecode.c.h; path = PLCrashLogWriterEncoding.h; sourceTree = "<group>"; };
		05CD36CD0EF25717000FDE88 /* PLCrashLogWriterEncoding.c */ = {isa = PBXFileReference; fileEncoding = 4; lastKnownFileType = sourcecode.c.c; path = PLCrashLogWriterEncoding.c; sourceTree = "<group>"; };
		05F40ACA0EF7379F008050CF /* PLCrashReporter.m */ = {isa = PBXFileReference; fileEncoding = 4; lastKnownFileType = sourcecode.c.objc; path = PLCrashReporter.m; sourceTree = "<group>"; };
		05F40ADD0EF73A39008050CF /* PLCrashReporterTests.m */ = {isa = PBXFileReference; fileEncoding = 4; lastKnownFileType = sourcecode.c.objc; path = PLCrashReporterTests.m; sourceTree = "<group>"; };
		05F40CE70EF7AB80008050CF /* DemoCrash.app */ = {isa = PBXFileReference; explicitFileType = wrapper.application; includeInIndex = 0; path = DemoCrash.app; sourceTree = BUILT_PRODUCTS_DIR; };
		05F40CE90EF7AB80008050CF /* DemoCrash-Info.plist */ = {isa = PBXFileReference; lastKnownFileType = text.plist.xml; name = "DemoCrash-Info.plist"; path = "Resources/DemoCrash-Info.plist"; sourceTree = "<group>"; };
		05F40CF10EF7AC0E008050CF /* main.m */ = {isa = PBXFileReference; fileEncoding = 4; lastKnownFileType = sourcecode.c.objc; path = main.m; sourceTree = "<group>"; };
		05F40F7D0EF85099008050CF /* protoc-c */ = {isa = PBXFileReference; lastKnownFileType = "compiled.mach-o.executable"; path = "protoc-c"; sourceTree = "<group>"; };
		05F40F830EF850FC008050CF /* protobuf-c.c */ = {isa = PBXFileReference; fileEncoding = 4; lastKnownFileType = sourcecode.c.c; path = "protobuf-c.c"; sourceTree = "<group>"; };
		05F40F870EF85109008050CF /* protobuf-c-private.h */ = {isa = PBXFileReference; fileEncoding = 4; lastKnownFileType = sourcecode.c.h; path = "protobuf-c-private.h"; sourceTree = "<group>"; };
		05F40F880EF85109008050CF /* protobuf-c.h */ = {isa = PBXFileReference; fileEncoding = 4; lastKnownFileType = sourcecode.c.h; path = "protobuf-c.h"; sourceTree = "<group>"; };
		05F411A40EF8DA31008050CF /* PLCrashLog.h */ = {isa = PBXFileReference; fileEncoding = 4; lastKnownFileType = sourcecode.c.h; path = PLCrashLog.h; sourceTree = "<group>"; };
		05F411A50EF8DA31008050CF /* PLCrashLog.m */ = {isa = PBXFileReference; fileEncoding = 4; lastKnownFileType = sourcecode.c.objc; path = PLCrashLog.m; sourceTree = "<group>"; };
		05F411AC0EF8DE68008050CF /* PLCrashLogTests.m */ = {isa = PBXFileReference; fileEncoding = 4; lastKnownFileType = sourcecode.c.objc; path = PLCrashLogTests.m; sourceTree = "<group>"; };
		05F413430EF995C0008050CF /* PLCrashLogSystemInfo.h */ = {isa = PBXFileReference; fileEncoding = 4; lastKnownFileType = sourcecode.c.h; path = PLCrashLogSystemInfo.h; sourceTree = "<group>"; };
		05F413440EF995C0008050CF /* PLCrashLogSystemInfo.m */ = {isa = PBXFileReference; fileEncoding = 4; lastKnownFileType = sourcecode.c.objc; path = PLCrashLogSystemInfo.m; sourceTree = "<group>"; };
		05F4141C0EF9A6C4008050CF /* PLCrashLogApplicationInfo.h */ = {isa = PBXFileReference; fileEncoding = 4; lastKnownFileType = sourcecode.c.h; path = PLCrashLogApplicationInfo.h; sourceTree = "<group>"; };
		05F4141D0EF9A6C4008050CF /* PLCrashLogApplicationInfo.m */ = {isa = PBXFileReference; fileEncoding = 4; lastKnownFileType = sourcecode.c.objc; path = PLCrashLogApplicationInfo.m; sourceTree = "<group>"; };
		05F414800EF9BFAC008050CF /* PLCrashLogThreadInfo.h */ = {isa = PBXFileReference; fileEncoding = 4; lastKnownFileType = sourcecode.c.h; path = PLCrashLogThreadInfo.h; sourceTree = "<group>"; };
		05F414810EF9BFAC008050CF /* PLCrashLogThreadInfo.m */ = {isa = PBXFileReference; fileEncoding = 4; lastKnownFileType = sourcecode.c.objc; path = PLCrashLogThreadInfo.m; sourceTree = "<group>"; };
		05F4150B0EF9DD9B008050CF /* PLCrashLogBinaryImageInfo.h */ = {isa = PBXFileReference; fileEncoding = 4; lastKnownFileType = sourcecode.c.h; path = PLCrashLogBinaryImageInfo.h; sourceTree = "<group>"; };
		05F4150C0EF9DD9B008050CF /* PLCrashLogBinaryImageInfo.m */ = {isa = PBXFileReference; fileEncoding = 4; lastKnownFileType = sourcecode.c.objc; path = PLCrashLogBinaryImageInfo.m; sourceTree = "<group>"; };
		05F415510EF9E078008050CF /* PLCrashLogExceptionInfo.h */ = {isa = PBXFileReference; fileEncoding = 4; lastKnownFileType = sourcecode.c.h; path = PLCrashLogExceptionInfo.h; sourceTree = "<group>"; };
		05F415520EF9E078008050CF /* PLCrashLogExceptionInfo.m */ = {isa = PBXFileReference; fileEncoding = 4; lastKnownFileType = sourcecode.c.objc; path = PLCrashLogExceptionInfo.m; sourceTree = "<group>"; };
		0867D69BFE84028FC02AAC07 /* Foundation.framework */ = {isa = PBXFileReference; lastKnownFileType = wrapper.framework; name = Foundation.framework; path = /System/Library/Frameworks/Foundation.framework; sourceTree = "<absolute>"; };
		8DC2EF5A0486A6940098B216 /* Info.plist */ = {isa = PBXFileReference; fileEncoding = 4; lastKnownFileType = text.plist.xml; name = Info.plist; path = Resources/Info.plist; sourceTree = "<group>"; };
		8DC2EF5B0486A6940098B216 /* CrashReporter.framework */ = {isa = PBXFileReference; explicitFileType = wrapper.framework; includeInIndex = 0; path = CrashReporter.framework; sourceTree = BUILT_PRODUCTS_DIR; };
/* End PBXFileReference section */

/* Begin PBXFrameworksBuildPhase section */
		05CD31500EE936A9000FDE88 /* Frameworks */ = {
			isa = PBXFrameworksBuildPhase;
			buildActionMask = 2147483647;
			files = (
			);
			runOnlyForDeploymentPostprocessing = 0;
		};
		05CD31610EE93905000FDE88 /* Frameworks */ = {
			isa = PBXFrameworksBuildPhase;
			buildActionMask = 2147483647;
			files = (
			);
			runOnlyForDeploymentPostprocessing = 0;
		};
		05CD32660EE93DC3000FDE88 /* Frameworks */ = {
			isa = PBXFrameworksBuildPhase;
			buildActionMask = 2147483647;
			files = (
				05CD34380EEA60BB000FDE88 /* CrashReporter.framework in Frameworks */,
			);
			runOnlyForDeploymentPostprocessing = 0;
		};
		05CD32A70EE94062000FDE88 /* Frameworks */ = {
			isa = PBXFrameworksBuildPhase;
			buildActionMask = 2147483647;
			files = (
				0550A1100EECFEDC0037F7C3 /* libCrashReporter-iphonesimulator.a in Frameworks */,
			);
			runOnlyForDeploymentPostprocessing = 0;
		};
		05CD33220EE94439000FDE88 /* Frameworks */ = {
			isa = PBXFrameworksBuildPhase;
			buildActionMask = 2147483647;
			files = (
				0550A10E0EECFEC80037F7C3 /* libCrashReporter-iphoneos.a in Frameworks */,
			);
			runOnlyForDeploymentPostprocessing = 0;
		};
		05F40CE50EF7AB80008050CF /* Frameworks */ = {
			isa = PBXFrameworksBuildPhase;
			buildActionMask = 2147483647;
			files = (
				05F40CF50EF7AC82008050CF /* CrashReporter.framework in Frameworks */,
			);
			runOnlyForDeploymentPostprocessing = 0;
		};
		8DC2EF560486A6940098B216 /* Frameworks */ = {
			isa = PBXFrameworksBuildPhase;
			buildActionMask = 2147483647;
			files = (
				05CD32110EE93AF9000FDE88 /* Foundation.framework in Frameworks */,
			);
			runOnlyForDeploymentPostprocessing = 0;
		};
/* End PBXFrameworksBuildPhase section */

/* Begin PBXGroup section */
		034768DFFF38A50411DB9C8B /* Products */ = {
			isa = PBXGroup;
			children = (
				8DC2EF5B0486A6940098B216 /* CrashReporter.framework */,
				05CD31520EE936A9000FDE88 /* libCrashReporter-iphoneos.a */,
				05CD31630EE93905000FDE88 /* libCrashReporter-iphonesimulator.a */,
				05CD32690EE93DC3000FDE88 /* Tests-MacOSX.octest */,
				05CD32A90EE94062000FDE88 /* Tests-iPhoneSimulator.app */,
				05CD33240EE94439000FDE88 /* Tests-iPhoneOS.app */,
				05F40CE70EF7AB80008050CF /* DemoCrash.app */,
			);
			name = Products;
			sourceTree = "<group>";
		};
		0596674D0EEDEBB1008A0601 /* Backtrace */ = {
			isa = PBXGroup;
			children = (
				059666DA0EEDDFB8008A0601 /* PLCrashFrameWalker.h */,
				059666DB0EEDDFB8008A0601 /* PLCrashFrameWalker.c */,
				0596672E0EEDEA97008A0601 /* PLCrashFrameWalker_i386.h */,
				059667590EEDECA7008A0601 /* PLCrashFrameWalker_i386.c */,
				05966A1A0EEE5280008A0601 /* PLCrashFrameWalker_arm.h */,
				05966A1B0EEE5280008A0601 /* PLCrashFrameWalker_arm.c */,
				059666E20EEDDFCC008A0601 /* PLCrashFrameWalkerTests.m */,
			);
			name = Backtrace;
			sourceTree = "<group>";
		};
		059670210EEF5459008A0601 /* Log */ = {
			isa = PBXGroup;
			children = (
				059670250EEF6B1A008A0601 /* PLCrashLogWriter.h */,
				059670260EEF6B1A008A0601 /* PLCrashLogWriter.m */,
				0596702D0EEF6B51008A0601 /* PLCrashLogWriterTests.m */,
				05CD36CC0EF25717000FDE88 /* PLCrashLogWriterEncoding.h */,
				05CD36CD0EF25717000FDE88 /* PLCrashLogWriterEncoding.c */,
			);
			name = Log;
			sourceTree = "<group>";
		};
		059670E30EEFADA6008A0601 /* Dependencies */ = {
			isa = PBXGroup;
			children = (
				059670E40EEFADA6008A0601 /* protobuf-2.0.3 */,
			);
			path = Dependencies;
			sourceTree = "<group>";
		};
		059670E40EEFADA6008A0601 /* protobuf-2.0.3 */ = {
			isa = PBXGroup;
			children = (
				059670E50EEFADA6008A0601 /* bin */,
				059670E70EEFADA6008A0601 /* include */,
				05F40F7C0EF8503D008050CF /* src */,
				0596710C0EEFADA6008A0601 /* lib */,
				059671140EEFADA6008A0601 /* README.txt */,
			);
			path = "protobuf-2.0.3";
			sourceTree = "<group>";
		};
		059670E50EEFADA6008A0601 /* bin */ = {
			isa = PBXGroup;
			children = (
				05F40F7D0EF85099008050CF /* protoc-c */,
			);
			path = bin;
			sourceTree = "<group>";
		};
		059670E70EEFADA6008A0601 /* include */ = {
			isa = PBXGroup;
			children = (
				059670E80EEFADA6008A0601 /* google */,
			);
			path = include;
			sourceTree = "<group>";
		};
		059670E80EEFADA6008A0601 /* google */ = {
			isa = PBXGroup;
			children = (
			);
			path = google;
			sourceTree = "<group>";
		};
		0596710C0EEFADA6008A0601 /* lib */ = {
			isa = PBXGroup;
			children = (
				0596710F0EEFADA6008A0601 /* libprotobuf-MacOSX.3.dylib */,
				059671120EEFADA6008A0601 /* libprotoc-MacOSX.3.dylib */,
			);
			path = lib;
			sourceTree = "<group>";
		};
		059672EF0EF0853A008A0601 /* Private API */ = {
			isa = PBXGroup;
			children = (
				05CD339A0EE948EB000FDE88 /* PLCrashSignalHandler.h */,
				05CD339B0EE948EB000FDE88 /* PLCrashSignalHandler.m */,
				05CD33A20EE94931000FDE88 /* PLCrashSignalHandlerTests.m */,
				059672F00EF08564008A0601 /* PLCrashAsync.h */,
				05CD36410EF24758000FDE88 /* PLCrashAsync.c */,
				05CD36480EF247A9000FDE88 /* PLCrashAsyncTests.m */,
				059670210EEF5459008A0601 /* Log */,
				0596674D0EEDEBB1008A0601 /* Backtrace */,
			);
			name = "Private API";
			sourceTree = "<group>";
		};
		05CD32750EE93E5A000FDE88 /* Tools */ = {
			isa = PBXGroup;
			children = (
				05CD32890EE93F44000FDE88 /* google-toolbox-for-mac-1-5-1 */,
			);
			path = Tools;
			sourceTree = "<group>";
		};
		05CD32890EE93F44000FDE88 /* google-toolbox-for-mac-1-5-1 */ = {
			isa = PBXGroup;
			children = (
				05CD328C0EE93F7C000FDE88 /* GTMSenTestCase.h */,
				05CD328D0EE93F7C000FDE88 /* GTMSenTestCase.m */,
				05CD328B0EE93F5E000FDE88 /* GTMDefines.h */,
				05CD32B10EE940B8000FDE88 /* GTMIPhoneUnitTestMain.m */,
				05CD32B00EE940B8000FDE88 /* GTMIPhoneUnitTestDelegate.m */,
			);
			name = "google-toolbox-for-mac-1-5-1";
			sourceTree = "<group>";
		};
		05F40CF00EF7ABD6008050CF /* Crash Demo */ = {
			isa = PBXGroup;
			children = (
				05F40CF10EF7AC0E008050CF /* main.m */,
			);
			path = "Crash Demo";
			sourceTree = "<group>";
		};
		05F40F7C0EF8503D008050CF /* src */ = {
			isa = PBXGroup;
			children = (
				05F40F870EF85109008050CF /* protobuf-c-private.h */,
				05F40F880EF85109008050CF /* protobuf-c.h */,
				05F40F830EF850FC008050CF /* protobuf-c.c */,
			);
			path = src;
			sourceTree = "<group>";
		};
		05F414280EF9BB19008050CF /* Crash Log */ = {
			isa = PBXGroup;
			children = (
				05F411A40EF8DA31008050CF /* PLCrashLog.h */,
				05F411A50EF8DA31008050CF /* PLCrashLog.m */,
				05F411AC0EF8DE68008050CF /* PLCrashLogTests.m */,
				05F413430EF995C0008050CF /* PLCrashLogSystemInfo.h */,
				05F413440EF995C0008050CF /* PLCrashLogSystemInfo.m */,
				05F4141C0EF9A6C4008050CF /* PLCrashLogApplicationInfo.h */,
				05F4141D0EF9A6C4008050CF /* PLCrashLogApplicationInfo.m */,
				05F414800EF9BFAC008050CF /* PLCrashLogThreadInfo.h */,
				05F414810EF9BFAC008050CF /* PLCrashLogThreadInfo.m */,
				05F4150B0EF9DD9B008050CF /* PLCrashLogBinaryImageInfo.h */,
				05F4150C0EF9DD9B008050CF /* PLCrashLogBinaryImageInfo.m */,
				05F415510EF9E078008050CF /* PLCrashLogExceptionInfo.h */,
				05F415520EF9E078008050CF /* PLCrashLogExceptionInfo.m */,
			);
			name = "Crash Log";
			sourceTree = "<group>";
		};
		0867D691FE84028FC02AAC07 /* CrashReporter */ = {
			isa = PBXGroup;
			children = (
				08FB77AEFE84172EC02AAC07 /* Source */,
				32C88DFF0371C24200C91783 /* Other Sources */,
				089C1665FE841158C02AAC07 /* Resources */,
				0867D69AFE84028FC02AAC07 /* External Frameworks and Libraries */,
				034768DFFF38A50411DB9C8B /* Products */,
				05CD32750EE93E5A000FDE88 /* Tools */,
				059670E30EEFADA6008A0601 /* Dependencies */,
			);
			name = CrashReporter;
			sourceTree = "<group>";
		};
		0867D69AFE84028FC02AAC07 /* External Frameworks and Libraries */ = {
			isa = PBXGroup;
			children = (
				1058C7B0FEA5585E11CA2CBB /* Linked Frameworks */,
				1058C7B2FEA5585E11CA2CBB /* Other Frameworks */,
			);
			name = "External Frameworks and Libraries";
			sourceTree = "<group>";
		};
		089C1665FE841158C02AAC07 /* Resources */ = {
			isa = PBXGroup;
			children = (
				05F40CE90EF7AB80008050CF /* DemoCrash-Info.plist */,
				05CD314C0EE9364B000FDE88 /* InfoPlist.strings */,
				8DC2EF5A0486A6940098B216 /* Info.plist */,
				05CD32AF0EE94086000FDE88 /* Tests-iPhone-Info.plist */,
				05CD326A0EE93DC3000FDE88 /* Tests-MacOSX-Info.plist */,
				05CD33520EE9457D000FDE88 /* CrashReporter.exp */,
				059670C70EEFAC3A008A0601 /* crash_report.proto */,
			);
			name = Resources;
			sourceTree = "<group>";
		};
		08FB77AEFE84172EC02AAC07 /* Source */ = {
			isa = PBXGroup;
			children = (
				05CD31890EE93A90000FDE88 /* CrashReporter.h */,
				05CD318A0EE93A90000FDE88 /* CrashReporter.m */,
				054F51070EEC73C80034B184 /* PLCrashReporter.h */,
				05F40ACA0EF7379F008050CF /* PLCrashReporter.m */,
				05F40ADD0EF73A39008050CF /* PLCrashReporterTests.m */,
				05F414280EF9BB19008050CF /* Crash Log */,
				059672EF0EF0853A008A0601 /* Private API */,
				05F40CF00EF7ABD6008050CF /* Crash Demo */,
			);
			path = Source;
			sourceTree = "<group>";
		};
		1058C7B0FEA5585E11CA2CBB /* Linked Frameworks */ = {
			isa = PBXGroup;
			children = (
			);
			name = "Linked Frameworks";
			sourceTree = "<group>";
		};
		1058C7B2FEA5585E11CA2CBB /* Other Frameworks */ = {
			isa = PBXGroup;
			children = (
				0867D69BFE84028FC02AAC07 /* Foundation.framework */,
			);
			name = "Other Frameworks";
			sourceTree = "<group>";
		};
		32C88DFF0371C24200C91783 /* Other Sources */ = {
			isa = PBXGroup;
			children = (
			);
			name = "Other Sources";
			sourceTree = "<group>";
		};
/* End PBXGroup section */

/* Begin PBXHeadersBuildPhase section */
		05CD314E0EE936A9000FDE88 /* Headers */ = {
			isa = PBXHeadersBuildPhase;
			buildActionMask = 2147483647;
			files = (
				05CD318D0EE93A90000FDE88 /* CrashReporter.h in Headers */,
				05CD339C0EE948EB000FDE88 /* PLCrashSignalHandler.h in Headers */,
				059666E00EEDDFB8008A0601 /* PLCrashFrameWalker.h in Headers */,
				05966A200EEE5281008A0601 /* PLCrashFrameWalker_arm.h in Headers */,
				059670270EEF6B1A008A0601 /* PLCrashLogWriter.h in Headers */,
				05CD36D30EF25717000FDE88 /* PLCrashLogWriterEncoding.h in Headers */,
				05F411A80EF8DA31008050CF /* PLCrashLog.h in Headers */,
				05F413470EF995C0008050CF /* PLCrashLogSystemInfo.h in Headers */,
				05F414220EF9A6C4008050CF /* PLCrashLogApplicationInfo.h in Headers */,
				05F414860EF9BFAC008050CF /* PLCrashLogThreadInfo.h in Headers */,
				05F415110EF9DD9B008050CF /* PLCrashLogBinaryImageInfo.h in Headers */,
				05F415570EF9E078008050CF /* PLCrashLogExceptionInfo.h in Headers */,
			);
			runOnlyForDeploymentPostprocessing = 0;
		};
		05CD315F0EE93905000FDE88 /* Headers */ = {
			isa = PBXHeadersBuildPhase;
			buildActionMask = 2147483647;
			files = (
				05CD318F0EE93A90000FDE88 /* CrashReporter.h in Headers */,
				05CD339E0EE948EB000FDE88 /* PLCrashSignalHandler.h in Headers */,
				059666DE0EEDDFB8008A0601 /* PLCrashFrameWalker.h in Headers */,
				05966A1C0EEE5281008A0601 /* PLCrashFrameWalker_arm.h in Headers */,
				0596702B0EEF6B1A008A0601 /* PLCrashLogWriter.h in Headers */,
				05CD36D10EF25717000FDE88 /* PLCrashLogWriterEncoding.h in Headers */,
				05F411A60EF8DA31008050CF /* PLCrashLog.h in Headers */,
				05F413450EF995C0008050CF /* PLCrashLogSystemInfo.h in Headers */,
				05F4141E0EF9A6C4008050CF /* PLCrashLogApplicationInfo.h in Headers */,
				05F414820EF9BFAC008050CF /* PLCrashLogThreadInfo.h in Headers */,
				05F4150D0EF9DD9B008050CF /* PLCrashLogBinaryImageInfo.h in Headers */,
				05F415530EF9E078008050CF /* PLCrashLogExceptionInfo.h in Headers */,
			);
			runOnlyForDeploymentPostprocessing = 0;
		};
		8DC2EF500486A6940098B216 /* Headers */ = {
			isa = PBXHeadersBuildPhase;
			buildActionMask = 2147483647;
			files = (
				05CD318B0EE93A90000FDE88 /* CrashReporter.h in Headers */,
				05CD33A00EE948EB000FDE88 /* PLCrashSignalHandler.h in Headers */,
				054F51080EEC73C80034B184 /* PLCrashReporter.h in Headers */,
				059666DC0EEDDFB8008A0601 /* PLCrashFrameWalker.h in Headers */,
				05966A1E0EEE5281008A0601 /* PLCrashFrameWalker_arm.h in Headers */,
				059670290EEF6B1A008A0601 /* PLCrashLogWriter.h in Headers */,
				05CD36D50EF25717000FDE88 /* PLCrashLogWriterEncoding.h in Headers */,
				05F411AA0EF8DA31008050CF /* PLCrashLog.h in Headers */,
				05F413490EF995C0008050CF /* PLCrashLogSystemInfo.h in Headers */,
				05F414200EF9A6C4008050CF /* PLCrashLogApplicationInfo.h in Headers */,
				05F414840EF9BFAC008050CF /* PLCrashLogThreadInfo.h in Headers */,
				05F4150F0EF9DD9B008050CF /* PLCrashLogBinaryImageInfo.h in Headers */,
				05F415550EF9E078008050CF /* PLCrashLogExceptionInfo.h in Headers */,
			);
			runOnlyForDeploymentPostprocessing = 0;
		};
/* End PBXHeadersBuildPhase section */

/* Begin PBXNativeTarget section */
		05CD31510EE936A9000FDE88 /* CrashReporter-iPhoneOS */ = {
			isa = PBXNativeTarget;
			buildConfigurationList = 05CD315E0EE936E4000FDE88 /* Build configuration list for PBXNativeTarget "CrashReporter-iPhoneOS" */;
			buildPhases = (
				05CD314E0EE936A9000FDE88 /* Headers */,
				05CD314F0EE936A9000FDE88 /* Sources */,
				05CD31500EE936A9000FDE88 /* Frameworks */,
				05CD321E0EE93B59000FDE88 /* Create Framework */,
			);
			buildRules = (
				05F411FE0EF8E070008050CF /* PBXBuildRule */,
			);
			dependencies = (
				05CD31720EE939DC000FDE88 /* PBXTargetDependency */,
			);
			name = "CrashReporter-iPhoneOS";
			productName = "CrashReporter-iPhoneOS";
			productReference = 05CD31520EE936A9000FDE88 /* libCrashReporter-iphoneos.a */;
			productType = "com.apple.product-type.library.static";
		};
		05CD31620EE93905000FDE88 /* CrashReporter-iPhoneSimulator */ = {
			isa = PBXNativeTarget;
			buildConfigurationList = 05CD31660EE9392C000FDE88 /* Build configuration list for PBXNativeTarget "CrashReporter-iPhoneSimulator" */;
			buildPhases = (
				05CD315F0EE93905000FDE88 /* Headers */,
				05CD31600EE93905000FDE88 /* Sources */,
				05CD31610EE93905000FDE88 /* Frameworks */,
				05CD32200EE93B72000FDE88 /* Create Framework */,
			);
			buildRules = (
				05F411FF0EF8E070008050CF /* PBXBuildRule */,
			);
			dependencies = (
				05CD31740EE939DF000FDE88 /* PBXTargetDependency */,
			);
			name = "CrashReporter-iPhoneSimulator";
			productName = "CrashReporter-iPhoneSimulator";
			productReference = 05CD31630EE93905000FDE88 /* libCrashReporter-iphonesimulator.a */;
			productType = "com.apple.product-type.library.static";
		};
		05CD32680EE93DC3000FDE88 /* Tests-MacOSX */ = {
			isa = PBXNativeTarget;
			buildConfigurationList = 05CD326D0EE93DC4000FDE88 /* Build configuration list for PBXNativeTarget "Tests-MacOSX" */;
			buildPhases = (
				05CD32640EE93DC3000FDE88 /* Resources */,
				05CD34410EEA60F8000FDE88 /* Copy Frameworks */,
				05CD32650EE93DC3000FDE88 /* Sources */,
				05CD32660EE93DC3000FDE88 /* Frameworks */,
				05CD32670EE93DC3000FDE88 /* Run Tests */,
			);
			buildRules = (
				059670E20EEFAD8C008A0601 /* PBXBuildRule */,
			);
			dependencies = (
				05CD342A0EEA5FFA000FDE88 /* PBXTargetDependency */,
			);
			name = "Tests-MacOSX";
			productName = "Tests-MacOSX";
			productReference = 05CD32690EE93DC3000FDE88 /* Tests-MacOSX.octest */;
			productType = "com.apple.product-type.bundle";
		};
		05CD32A80EE94062000FDE88 /* Tests-iPhoneSimulator */ = {
			isa = PBXNativeTarget;
			buildConfigurationList = 05CD32AE0EE94063000FDE88 /* Build configuration list for PBXNativeTarget "Tests-iPhoneSimulator" */;
			buildPhases = (
				05CD32A50EE94062000FDE88 /* Resources */,
				05CD32A60EE94062000FDE88 /* Sources */,
				05CD32A70EE94062000FDE88 /* Frameworks */,
				05CD32B50EE940C8000FDE88 /* Simulator Run Tests */,
			);
			buildRules = (
				0596747A0EF0BA2F008A0601 /* PBXBuildRule */,
			);
			dependencies = (
				05CD32F30EE94153000FDE88 /* PBXTargetDependency */,
			);
			name = "Tests-iPhoneSimulator";
			productName = "Tests-iPhoneSimulator";
			productReference = 05CD32A90EE94062000FDE88 /* Tests-iPhoneSimulator.app */;
			productType = "com.apple.product-type.application";
		};
		05CD33230EE94439000FDE88 /* Tests-iPhoneOS */ = {
			isa = PBXNativeTarget;
			buildConfigurationList = 05CD33290EE9443A000FDE88 /* Build configuration list for PBXNativeTarget "Tests-iPhoneOS" */;
			buildPhases = (
				05CD33200EE94439000FDE88 /* Resources */,
				05CD33210EE94439000FDE88 /* Sources */,
				05CD33220EE94439000FDE88 /* Frameworks */,
			);
			buildRules = (
				0596747B0EF0BA2F008A0601 /* PBXBuildRule */,
			);
			dependencies = (
				054F50E90EEC50B30034B184 /* PBXTargetDependency */,
			);
			name = "Tests-iPhoneOS";
			productName = "Tests-iPhoneOS";
			productReference = 05CD33240EE94439000FDE88 /* Tests-iPhoneOS.app */;
			productType = "com.apple.product-type.application";
		};
		05F40CE60EF7AB80008050CF /* DemoCrash */ = {
			isa = PBXNativeTarget;
			buildConfigurationList = 05F40CEC0EF7AB81008050CF /* Build configuration list for PBXNativeTarget "DemoCrash" */;
			buildPhases = (
				05F40CE30EF7AB80008050CF /* Resources */,
				05F40D270EF7AD0F008050CF /* Copy Frameworks */,
				05F40CE40EF7AB80008050CF /* Sources */,
				05F40CE50EF7AB80008050CF /* Frameworks */,
			);
			buildRules = (
			);
			dependencies = (
				05F40CFD0EF7AC9D008050CF /* PBXTargetDependency */,
			);
			name = DemoCrash;
			productName = DemoCrash;
			productReference = 05F40CE70EF7AB80008050CF /* DemoCrash.app */;
			productType = "com.apple.product-type.application";
		};
		8DC2EF4F0486A6940098B216 /* CrashReporter-MacOSX */ = {
			isa = PBXNativeTarget;
			buildConfigurationList = 1DEB91AD08733DA50010E9CD /* Build configuration list for PBXNativeTarget "CrashReporter-MacOSX" */;
			buildPhases = (
				8DC2EF500486A6940098B216 /* Headers */,
				8DC2EF520486A6940098B216 /* Resources */,
				8DC2EF540486A6940098B216 /* Sources */,
				8DC2EF560486A6940098B216 /* Frameworks */,
			);
			buildRules = (
				05F411F10EF8DF79008050CF /* PBXBuildRule */,
			);
			dependencies = (
			);
			name = "CrashReporter-MacOSX";
			productInstallPath = "$(HOME)/Library/Frameworks";
			productName = CrashReporter;
			productReference = 8DC2EF5B0486A6940098B216 /* CrashReporter.framework */;
			productType = "com.apple.product-type.framework";
		};
/* End PBXNativeTarget section */

/* Begin PBXProject section */
		0867D690FE84028FC02AAC07 /* Project object */ = {
			isa = PBXProject;
			attributes = {
				BuildIndependentTargetsInParallel = NO;
			};
			buildConfigurationList = 1DEB91B108733DA50010E9CD /* Build configuration list for PBXProject "CrashReporter" */;
			compatibilityVersion = "Xcode 3.1";
			hasScannedForEncodings = 1;
			mainGroup = 0867D691FE84028FC02AAC07 /* CrashReporter */;
			productRefGroup = 034768DFFF38A50411DB9C8B /* Products */;
			projectDirPath = "";
			projectRoot = "";
			targets = (
				05CD31680EE939D0000FDE88 /* CrashReporter */,
				8DC2EF4F0486A6940098B216 /* CrashReporter-MacOSX */,
				05CD31510EE936A9000FDE88 /* CrashReporter-iPhoneOS */,
				05CD31620EE93905000FDE88 /* CrashReporter-iPhoneSimulator */,
				05CD32680EE93DC3000FDE88 /* Tests-MacOSX */,
				05CD32A80EE94062000FDE88 /* Tests-iPhoneSimulator */,
				05CD33230EE94439000FDE88 /* Tests-iPhoneOS */,
				05F40CE60EF7AB80008050CF /* DemoCrash */,
			);
		};
/* End PBXProject section */

/* Begin PBXResourcesBuildPhase section */
		05CD32640EE93DC3000FDE88 /* Resources */ = {
			isa = PBXResourcesBuildPhase;
			buildActionMask = 2147483647;
			files = (
			);
			runOnlyForDeploymentPostprocessing = 0;
		};
		05CD32A50EE94062000FDE88 /* Resources */ = {
			isa = PBXResourcesBuildPhase;
			buildActionMask = 2147483647;
			files = (
			);
			runOnlyForDeploymentPostprocessing = 0;
		};
		05CD33200EE94439000FDE88 /* Resources */ = {
			isa = PBXResourcesBuildPhase;
			buildActionMask = 2147483647;
			files = (
			);
			runOnlyForDeploymentPostprocessing = 0;
		};
		05F40CE30EF7AB80008050CF /* Resources */ = {
			isa = PBXResourcesBuildPhase;
			buildActionMask = 2147483647;
			files = (
			);
			runOnlyForDeploymentPostprocessing = 0;
		};
		8DC2EF520486A6940098B216 /* Resources */ = {
			isa = PBXResourcesBuildPhase;
			buildActionMask = 2147483647;
			files = (
				05CD314D0EE9364B000FDE88 /* InfoPlist.strings in Resources */,
			);
			runOnlyForDeploymentPostprocessing = 0;
		};
/* End PBXResourcesBuildPhase section */

/* Begin PBXShellScriptBuildPhase section */
		05CD321E0EE93B59000FDE88 /* Create Framework */ = {
			isa = PBXShellScriptBuildPhase;
			buildActionMask = 2147483647;
			files = (
			);
			inputPaths = (
			);
			name = "Create Framework";
			outputPaths = (
			);
			runOnlyForDeploymentPostprocessing = 0;
			shellPath = /bin/sh;
			shellScript = "# Copy in the canonical framework\ntar -C \"${BUILD_DIR}/${CONFIGURATION}-${PL_CANONICAL_PLATFORM}\" -cf - \"${PL_CANONICAL_PRODUCT}.framework\" | tar -C \"${BUILT_PRODUCTS_DIR}\" -xf -\n\n# Copy in the static library we'll be using to replace the canonical framework's dylib\ncp \"${BUILT_PRODUCTS_DIR}/${FULL_PRODUCT_NAME}\" \"${BUILT_PRODUCTS_DIR}/${PL_CANONICAL_PRODUCT}.framework/Versions/Current/${PL_CANONICAL_PRODUCT}\"";
			showEnvVarsInLog = 0;
		};
		05CD32200EE93B72000FDE88 /* Create Framework */ = {
			isa = PBXShellScriptBuildPhase;
			buildActionMask = 2147483647;
			files = (
			);
			inputPaths = (
			);
			name = "Create Framework";
			outputPaths = (
			);
			runOnlyForDeploymentPostprocessing = 0;
			shellPath = /bin/sh;
			shellScript = "# Copy in the canonical framework\ntar -C \"${BUILD_DIR}/${CONFIGURATION}-${PL_CANONICAL_PLATFORM}\" -cf - \"${PL_CANONICAL_PRODUCT}.framework\" | tar -C \"${BUILT_PRODUCTS_DIR}\" -xf -\n\n# Copy in the static library we'll be using to replace the canonical framework's dylib\ncp \"${BUILT_PRODUCTS_DIR}/${FULL_PRODUCT_NAME}\" \"${BUILT_PRODUCTS_DIR}/${PL_CANONICAL_PRODUCT}.framework/Versions/Current/${PL_CANONICAL_PRODUCT}\"";
			showEnvVarsInLog = 0;
		};
		05CD32670EE93DC3000FDE88 /* Run Tests */ = {
			isa = PBXShellScriptBuildPhase;
			buildActionMask = 12;
			files = (
			);
			inputPaths = (
			);
			name = "Run Tests";
			outputPaths = (
			);
			runOnlyForDeploymentPostprocessing = 0;
			shellPath = /bin/sh;
			shellScript = "# Run the unit tests in this test bundle.\n\"${SRCROOT}/Tools/google-toolbox-for-mac-1-5-1/UnitTesting/RunMacOSUnitTests.sh\"\n";
			showEnvVarsInLog = 0;
		};
		05CD32B50EE940C8000FDE88 /* Simulator Run Tests */ = {
			isa = PBXShellScriptBuildPhase;
			buildActionMask = 2147483647;
			files = (
			);
			inputPaths = (
			);
			name = "Simulator Run Tests";
			outputPaths = (
			);
			runOnlyForDeploymentPostprocessing = 0;
			shellPath = /bin/sh;
			shellScript = "# Only run at build-time on the simulator\nif [ \"${PLATFORM_NAME}\" != iphoneos ]; then\n\t${SRCROOT}/Tools/google-toolbox-for-mac-1-5-1/UnitTesting/RunIPhoneUnitTest.sh\nfi\n";
			showEnvVarsInLog = 0;
		};
/* End PBXShellScriptBuildPhase section */

/* Begin PBXSourcesBuildPhase section */
		05CD314F0EE936A9000FDE88 /* Sources */ = {
			isa = PBXSourcesBuildPhase;
			buildActionMask = 2147483647;
			files = (
				05CD318E0EE93A90000FDE88 /* CrashReporter.m in Sources */,
				05CD339D0EE948EB000FDE88 /* PLCrashSignalHandler.m in Sources */,
				059666E10EEDDFB8008A0601 /* PLCrashFrameWalker.c in Sources */,
				0596675B0EEDECA7008A0601 /* PLCrashFrameWalker_i386.c in Sources */,
				05966A210EEE5281008A0601 /* PLCrashFrameWalker_arm.c in Sources */,
				059670280EEF6B1A008A0601 /* PLCrashLogWriter.m in Sources */,
				05CD36470EF24758000FDE88 /* PLCrashAsync.c in Sources */,
				05CD36D40EF25717000FDE88 /* PLCrashLogWriterEncoding.c in Sources */,
				05F40ACC0EF7379F008050CF /* PLCrashReporter.m in Sources */,
				05F411A90EF8DA31008050CF /* PLCrashLog.m in Sources */,
				05F411F40EF8DFDA008050CF /* crash_report.proto in Sources */,
				05F411FB0EF8E023008050CF /* protobuf-c.c in Sources */,
				05F413480EF995C0008050CF /* PLCrashLogSystemInfo.m in Sources */,
				05F414230EF9A6C4008050CF /* PLCrashLogApplicationInfo.m in Sources */,
				05F414870EF9BFAC008050CF /* PLCrashLogThreadInfo.m in Sources */,
				05F415120EF9DD9B008050CF /* PLCrashLogBinaryImageInfo.m in Sources */,
				05F415580EF9E078008050CF /* PLCrashLogExceptionInfo.m in Sources */,
			);
			runOnlyForDeploymentPostprocessing = 0;
		};
		05CD31600EE93905000FDE88 /* Sources */ = {
			isa = PBXSourcesBuildPhase;
			buildActionMask = 2147483647;
			files = (
				05CD31900EE93A90000FDE88 /* CrashReporter.m in Sources */,
				05CD339F0EE948EB000FDE88 /* PLCrashSignalHandler.m in Sources */,
				059666DF0EEDDFB8008A0601 /* PLCrashFrameWalker.c in Sources */,
				0596675A0EEDECA7008A0601 /* PLCrashFrameWalker_i386.c in Sources */,
				05966A1D0EEE5281008A0601 /* PLCrashFrameWalker_arm.c in Sources */,
				0596702C0EEF6B1A008A0601 /* PLCrashLogWriter.m in Sources */,
				05CD36460EF24758000FDE88 /* PLCrashAsync.c in Sources */,
				05CD36D20EF25717000FDE88 /* PLCrashLogWriterEncoding.c in Sources */,
				05F40ACB0EF7379F008050CF /* PLCrashReporter.m in Sources */,
				05F411A70EF8DA31008050CF /* PLCrashLog.m in Sources */,
				05F411F70EF8E001008050CF /* protobuf-c.c in Sources */,
				05F411F50EF8DFE4008050CF /* crash_report.proto in Sources */,
				05F413460EF995C0008050CF /* PLCrashLogSystemInfo.m in Sources */,
				05F4141F0EF9A6C4008050CF /* PLCrashLogApplicationInfo.m in Sources */,
				05F414830EF9BFAC008050CF /* PLCrashLogThreadInfo.m in Sources */,
				05F4150E0EF9DD9B008050CF /* PLCrashLogBinaryImageInfo.m in Sources */,
				05F415540EF9E078008050CF /* PLCrashLogExceptionInfo.m in Sources */,
			);
			runOnlyForDeploymentPostprocessing = 0;
		};
		05CD32650EE93DC3000FDE88 /* Sources */ = {
			isa = PBXSourcesBuildPhase;
			buildActionMask = 2147483647;
			files = (
				05CD328E0EE93F7C000FDE88 /* GTMSenTestCase.m in Sources */,
				05F40AD80EF73A07008050CF /* PLCrashSignalHandler.m in Sources */,
				05CD33A30EE94931000FDE88 /* PLCrashSignalHandlerTests.m in Sources */,
				059666E30EEDDFCC008A0601 /* PLCrashFrameWalkerTests.m in Sources */,
				0596702E0EEF6B51008A0601 /* PLCrashLogWriterTests.m in Sources */,
				059674880EF0BB4A008A0601 /* PLCrashLogWriter.m in Sources */,
				0596748E0EF0BB63008A0601 /* PLCrashFrameWalker.c in Sources */,
				0596748F0EF0BB63008A0601 /* PLCrashFrameWalker_i386.c in Sources */,
				059674900EF0BB63008A0601 /* PLCrashFrameWalker_arm.c in Sources */,
				059674790EF0BA07008A0601 /* crash_report.proto in Sources */,
				05CD36440EF24758000FDE88 /* PLCrashAsync.c in Sources */,
				05CD364A0EF247A9000FDE88 /* PLCrashAsyncTests.m in Sources */,
				05CD36CE0EF25717000FDE88 /* PLCrashLogWriterEncoding.c in Sources */,
				05F40ADE0EF73A39008050CF /* PLCrashReporterTests.m in Sources */,
				05F40F840EF850FC008050CF /* protobuf-c.c in Sources */,
				05F411AD0EF8DE68008050CF /* PLCrashLogTests.m in Sources */,
			);
			runOnlyForDeploymentPostprocessing = 0;
		};
		05CD32A60EE94062000FDE88 /* Sources */ = {
			isa = PBXSourcesBuildPhase;
			buildActionMask = 2147483647;
			files = (
				05CD32F00EE94148000FDE88 /* GTMSenTestCase.m in Sources */,
				05CD32B20EE940B8000FDE88 /* GTMIPhoneUnitTestDelegate.m in Sources */,
				05CD32B30EE940B8000FDE88 /* GTMIPhoneUnitTestMain.m in Sources */,
				05F40AD90EF73A11008050CF /* PLCrashSignalHandler.m in Sources */,
				05CD33A40EE94931000FDE88 /* PLCrashSignalHandlerTests.m in Sources */,
				059666E50EEDDFCC008A0601 /* PLCrashFrameWalkerTests.m in Sources */,
				0596702F0EEF6B51008A0601 /* PLCrashLogWriterTests.m in Sources */,
				059674890EF0BB4D008A0601 /* PLCrashLogWriter.m in Sources */,
				0596748B0EF0BB5C008A0601 /* PLCrashFrameWalker.c in Sources */,
				0596748C0EF0BB5C008A0601 /* PLCrashFrameWalker_i386.c in Sources */,
				0596748D0EF0BB5C008A0601 /* PLCrashFrameWalker_arm.c in Sources */,
				059674780EF0BA03008A0601 /* crash_report.proto in Sources */,
				05CD36450EF24758000FDE88 /* PLCrashAsync.c in Sources */,
				05CD364B0EF247A9000FDE88 /* PLCrashAsyncTests.m in Sources */,
				05CD36D00EF25717000FDE88 /* PLCrashLogWriterEncoding.c in Sources */,
				05F40ADF0EF73A39008050CF /* PLCrashReporterTests.m in Sources */,
				05F40F850EF850FC008050CF /* protobuf-c.c in Sources */,
				05F411AE0EF8DE68008050CF /* PLCrashLogTests.m in Sources */,
			);
			runOnlyForDeploymentPostprocessing = 0;
		};
		05CD33210EE94439000FDE88 /* Sources */ = {
			isa = PBXSourcesBuildPhase;
			buildActionMask = 2147483647;
			files = (
				05CD332C0EE94464000FDE88 /* GTMSenTestCase.m in Sources */,
				05CD332D0EE94464000FDE88 /* GTMIPhoneUnitTestDelegate.m in Sources */,
				05CD332E0EE94464000FDE88 /* GTMIPhoneUnitTestMain.m in Sources */,
				05F40ADA0EF73A18008050CF /* PLCrashSignalHandler.m in Sources */,
				05CD33A50EE94931000FDE88 /* PLCrashSignalHandlerTests.m in Sources */,
				059666E40EEDDFCC008A0601 /* PLCrashFrameWalkerTests.m in Sources */,
				059670300EEF6B51008A0601 /* PLCrashLogWriterTests.m in Sources */,
				059674970EF0BBB4008A0601 /* PLCrashLogWriter.m in Sources */,
				059674980EF0BBB4008A0601 /* PLCrashFrameWalker.c in Sources */,
				059674990EF0BBB4008A0601 /* PLCrashFrameWalker_i386.c in Sources */,
				0596749A0EF0BBB4008A0601 /* PLCrashFrameWalker_arm.c in Sources */,
				0596749B0EF0BBB4008A0601 /* crash_report.proto in Sources */,
				05CD36430EF24758000FDE88 /* PLCrashAsync.c in Sources */,
				05CD36490EF247A9000FDE88 /* PLCrashAsyncTests.m in Sources */,
				05CD36CF0EF25717000FDE88 /* PLCrashLogWriterEncoding.c in Sources */,
				05F40AE00EF73A39008050CF /* PLCrashReporterTests.m in Sources */,
				05F40F860EF850FC008050CF /* protobuf-c.c in Sources */,
				05F411AF0EF8DE68008050CF /* PLCrashLogTests.m in Sources */,
			);
			runOnlyForDeploymentPostprocessing = 0;
		};
		05F40CE40EF7AB80008050CF /* Sources */ = {
			isa = PBXSourcesBuildPhase;
			buildActionMask = 2147483647;
			files = (
				05F40CF20EF7AC0E008050CF /* main.m in Sources */,
			);
			runOnlyForDeploymentPostprocessing = 0;
		};
		8DC2EF540486A6940098B216 /* Sources */ = {
			isa = PBXSourcesBuildPhase;
			buildActionMask = 2147483647;
			files = (
				05CD318C0EE93A90000FDE88 /* CrashReporter.m in Sources */,
				05CD33A10EE948EB000FDE88 /* PLCrashSignalHandler.m in Sources */,
				059666DD0EEDDFB8008A0601 /* PLCrashFrameWalker.c in Sources */,
				0596675C0EEDECA7008A0601 /* PLCrashFrameWalker_i386.c in Sources */,
				05966A1F0EEE5281008A0601 /* PLCrashFrameWalker_arm.c in Sources */,
				0596702A0EEF6B1A008A0601 /* PLCrashLogWriter.m in Sources */,
				05CD36420EF24758000FDE88 /* PLCrashAsync.c in Sources */,
				05CD36D60EF25717000FDE88 /* PLCrashLogWriterEncoding.c in Sources */,
				05F40ACD0EF7379F008050CF /* PLCrashReporter.m in Sources */,
				05F411AB0EF8DA31008050CF /* PLCrashLog.m in Sources */,
				05F411F30EF8DFD3008050CF /* crash_report.proto in Sources */,
				05F411F90EF8E013008050CF /* protobuf-c.c in Sources */,
				05F4134A0EF995C0008050CF /* PLCrashLogSystemInfo.m in Sources */,
				05F414210EF9A6C4008050CF /* PLCrashLogApplicationInfo.m in Sources */,
				05F414850EF9BFAC008050CF /* PLCrashLogThreadInfo.m in Sources */,
				05F415100EF9DD9B008050CF /* PLCrashLogBinaryImageInfo.m in Sources */,
				05F415560EF9E078008050CF /* PLCrashLogExceptionInfo.m in Sources */,
			);
			runOnlyForDeploymentPostprocessing = 0;
		};
/* End PBXSourcesBuildPhase section */

/* Begin PBXTargetDependency section */
		054F50E90EEC50B30034B184 /* PBXTargetDependency */ = {
			isa = PBXTargetDependency;
			target = 05CD31510EE936A9000FDE88 /* CrashReporter-iPhoneOS */;
			targetProxy = 054F50E80EEC50B30034B184 /* PBXContainerItemProxy */;
		};
		05CD316C0EE939D8000FDE88 /* PBXTargetDependency */ = {
			isa = PBXTargetDependency;
			target = 05CD31620EE93905000FDE88 /* CrashReporter-iPhoneSimulator */;
			targetProxy = 05CD316B0EE939D8000FDE88 /* PBXContainerItemProxy */;
		};
		05CD316E0EE939D8000FDE88 /* PBXTargetDependency */ = {
			isa = PBXTargetDependency;
			target = 05CD31510EE936A9000FDE88 /* CrashReporter-iPhoneOS */;
			targetProxy = 05CD316D0EE939D8000FDE88 /* PBXContainerItemProxy */;
		};
		05CD31700EE939D8000FDE88 /* PBXTargetDependency */ = {
			isa = PBXTargetDependency;
			target = 8DC2EF4F0486A6940098B216 /* CrashReporter-MacOSX */;
			targetProxy = 05CD316F0EE939D8000FDE88 /* PBXContainerItemProxy */;
		};
		05CD31720EE939DC000FDE88 /* PBXTargetDependency */ = {
			isa = PBXTargetDependency;
			target = 8DC2EF4F0486A6940098B216 /* CrashReporter-MacOSX */;
			targetProxy = 05CD31710EE939DC000FDE88 /* PBXContainerItemProxy */;
		};
		05CD31740EE939DF000FDE88 /* PBXTargetDependency */ = {
			isa = PBXTargetDependency;
			target = 8DC2EF4F0486A6940098B216 /* CrashReporter-MacOSX */;
			targetProxy = 05CD31730EE939DF000FDE88 /* PBXContainerItemProxy */;
		};
		05CD32720EE93E24000FDE88 /* PBXTargetDependency */ = {
			isa = PBXTargetDependency;
			target = 05CD32680EE93DC3000FDE88 /* Tests-MacOSX */;
			targetProxy = 05CD32710EE93E24000FDE88 /* PBXContainerItemProxy */;
		};
		05CD32EA0EE94105000FDE88 /* PBXTargetDependency */ = {
			isa = PBXTargetDependency;
			target = 05CD32A80EE94062000FDE88 /* Tests-iPhoneSimulator */;
			targetProxy = 05CD32E90EE94105000FDE88 /* PBXContainerItemProxy */;
		};
		05CD32F30EE94153000FDE88 /* PBXTargetDependency */ = {
			isa = PBXTargetDependency;
			target = 05CD31620EE93905000FDE88 /* CrashReporter-iPhoneSimulator */;
			targetProxy = 05CD32F20EE94153000FDE88 /* PBXContainerItemProxy */;
		};
		05CD33310EE94473000FDE88 /* PBXTargetDependency */ = {
			isa = PBXTargetDependency;
			target = 05CD33230EE94439000FDE88 /* Tests-iPhoneOS */;
			targetProxy = 05CD33300EE94473000FDE88 /* PBXContainerItemProxy */;
		};
		05CD342A0EEA5FFA000FDE88 /* PBXTargetDependency */ = {
			isa = PBXTargetDependency;
			target = 8DC2EF4F0486A6940098B216 /* CrashReporter-MacOSX */;
			targetProxy = 05CD34290EEA5FFA000FDE88 /* PBXContainerItemProxy */;
		};
		05F40CFD0EF7AC9D008050CF /* PBXTargetDependency */ = {
			isa = PBXTargetDependency;
			target = 8DC2EF4F0486A6940098B216 /* CrashReporter-MacOSX */;
			targetProxy = 05F40CFC0EF7AC9D008050CF /* PBXContainerItemProxy */;
		};
		05F40DD80EF7B626008050CF /* PBXTargetDependency */ = {
			isa = PBXTargetDependency;
			target = 05F40CE60EF7AB80008050CF /* DemoCrash */;
			targetProxy = 05F40DD70EF7B626008050CF /* PBXContainerItemProxy */;
		};
/* End PBXTargetDependency section */

/* Begin PBXVariantGroup section */
		05CD314C0EE9364B000FDE88 /* InfoPlist.strings */ = {
			isa = PBXVariantGroup;
			children = (
				05CD314A0EE93647000FDE88 /* English */,
			);
			name = InfoPlist.strings;
			sourceTree = "<group>";
		};
/* End PBXVariantGroup section */

/* Begin XCBuildConfiguration section */
		05CD31530EE936AA000FDE88 /* Debug */ = {
			isa = XCBuildConfiguration;
			buildSettings = {
				ALWAYS_SEARCH_USER_PATHS = NO;
				COPY_PHASE_STRIP = NO;
				EXPORTED_SYMBOLS_FILE = Resources/CrashReporter.exp;
				GCC_DYNAMIC_NO_PIC = NO;
				GCC_OPTIMIZATION_LEVEL = 0;
				GENERATE_MASTER_OBJECT_FILE = YES;
				LIBRARY_SEARCH_PATHS = (
					"$(inherited)",
					"\"$(SRCROOT)/Dependencies/protobuf-2.0.3/lib\"",
				);
				ONLY_ACTIVE_ARCH = NO;
				PREBINDING = NO;
				PRODUCT_NAME = "CrashReporter${EFFECTIVE_PLATFORM_NAME}";
				SDKROOT = iphoneos2.0;
			};
			name = Debug;
		};
		05CD31540EE936AA000FDE88 /* Release */ = {
			isa = XCBuildConfiguration;
			buildSettings = {
				ALWAYS_SEARCH_USER_PATHS = NO;
				COPY_PHASE_STRIP = YES;
				DEBUG_INFORMATION_FORMAT = "dwarf-with-dsym";
				EXPORTED_SYMBOLS_FILE = Resources/CrashReporter.exp;
				GCC_ENABLE_FIX_AND_CONTINUE = NO;
				GENERATE_MASTER_OBJECT_FILE = YES;
				LIBRARY_SEARCH_PATHS = (
					"$(inherited)",
					"\"$(SRCROOT)/Dependencies/protobuf-2.0.3/lib\"",
				);
				ONLY_ACTIVE_ARCH = NO;
				PREBINDING = NO;
				PRODUCT_NAME = "CrashReporter${EFFECTIVE_PLATFORM_NAME}";
				SDKROOT = iphoneos2.0;
				ZERO_LINK = NO;
			};
			name = Release;
		};
		05CD31640EE93906000FDE88 /* Debug */ = {
			isa = XCBuildConfiguration;
			buildSettings = {
				ALWAYS_SEARCH_USER_PATHS = NO;
				COPY_PHASE_STRIP = NO;
				EXPORTED_SYMBOLS_FILE = Resources/CrashReporter.exp;
				GCC_DYNAMIC_NO_PIC = NO;
				GCC_OPTIMIZATION_LEVEL = 0;
				GENERATE_MASTER_OBJECT_FILE = YES;
				HEADER_SEARCH_PATHS = "$(inherited)";
				LIBRARY_SEARCH_PATHS = (
					"$(inherited)",
					"\"$(SRCROOT)/Dependencies/protobuf-2.0.3/lib\"",
				);
				ONLY_ACTIVE_ARCH = NO;
				PREBINDING = NO;
				PRODUCT_NAME = "CrashReporter${EFFECTIVE_PLATFORM_NAME}";
				SDKROOT = iphonesimulator2.0;
			};
			name = Debug;
		};
		05CD31650EE93906000FDE88 /* Release */ = {
			isa = XCBuildConfiguration;
			buildSettings = {
				ALWAYS_SEARCH_USER_PATHS = NO;
				COPY_PHASE_STRIP = YES;
				DEBUG_INFORMATION_FORMAT = "dwarf-with-dsym";
				EXPORTED_SYMBOLS_FILE = Resources/CrashReporter.exp;
				GCC_ENABLE_FIX_AND_CONTINUE = NO;
				GENERATE_MASTER_OBJECT_FILE = YES;
				LIBRARY_SEARCH_PATHS = (
					"$(inherited)",
					"\"$(SRCROOT)/Dependencies/protobuf-2.0.3/lib\"",
				);
				ONLY_ACTIVE_ARCH = NO;
				PREBINDING = NO;
				PRODUCT_NAME = "CrashReporter${EFFECTIVE_PLATFORM_NAME}";
				SDKROOT = iphonesimulator2.0;
				ZERO_LINK = NO;
			};
			name = Release;
		};
		05CD31690EE939D1000FDE88 /* Debug */ = {
			isa = XCBuildConfiguration;
			buildSettings = {
				COPY_PHASE_STRIP = NO;
				GCC_DYNAMIC_NO_PIC = NO;
				GCC_OPTIMIZATION_LEVEL = 0;
				PRODUCT_NAME = CrashReporter;
			};
			name = Debug;
		};
		05CD316A0EE939D1000FDE88 /* Release */ = {
			isa = XCBuildConfiguration;
			buildSettings = {
				COPY_PHASE_STRIP = YES;
				DEBUG_INFORMATION_FORMAT = "dwarf-with-dsym";
				GCC_ENABLE_FIX_AND_CONTINUE = NO;
				PRODUCT_NAME = CrashReporter;
				ZERO_LINK = NO;
			};
			name = Release;
		};
		05CD326B0EE93DC4000FDE88 /* Debug */ = {
			isa = XCBuildConfiguration;
			buildSettings = {
				ALWAYS_SEARCH_USER_PATHS = NO;
				COPY_PHASE_STRIP = NO;
				EFFECTIVE_PLATFORM_NAME = "-MacOSX";
				FRAMEWORK_SEARCH_PATHS = "$(DEVELOPER_LIBRARY_DIR)/Frameworks";
				GCC_DYNAMIC_NO_PIC = NO;
				GCC_ENABLE_FIX_AND_CONTINUE = NO;
				GCC_ENABLE_OBJC_EXCEPTIONS = YES;
				GCC_MODEL_TUNING = G5;
				GCC_OPTIMIZATION_LEVEL = 0;
				GCC_PRECOMPILE_PREFIX_HEADER = YES;
				GCC_PREFIX_HEADER = "";
				INFOPLIST_FILE = "Resources/Tests-MacOSX-Info.plist";
				INSTALL_PATH = "$(USER_LIBRARY_DIR)/Bundles";
				LIBRARY_SEARCH_PATHS = (
					"$(inherited)",
					"\"$(SRCROOT)/Dependencies/protobuf-2.0.3/lib\"",
				);
				OTHER_LDFLAGS = (
					"-framework",
					Cocoa,
					"-framework",
					SenTestingKit,
				);
				PREBINDING = NO;
				PRODUCT_NAME = "Tests-MacOSX";
				WRAPPER_EXTENSION = octest;
			};
			name = Debug;
		};
		05CD326C0EE93DC4000FDE88 /* Release */ = {
			isa = XCBuildConfiguration;
			buildSettings = {
				ALWAYS_SEARCH_USER_PATHS = NO;
				COPY_PHASE_STRIP = YES;
				DEBUG_INFORMATION_FORMAT = "dwarf-with-dsym";
				EFFECTIVE_PLATFORM_NAME = "-MacOSX";
				FRAMEWORK_SEARCH_PATHS = "$(DEVELOPER_LIBRARY_DIR)/Frameworks";
				GCC_ENABLE_FIX_AND_CONTINUE = NO;
				GCC_ENABLE_OBJC_EXCEPTIONS = YES;
				GCC_MODEL_TUNING = G5;
				GCC_PRECOMPILE_PREFIX_HEADER = YES;
				GCC_PREFIX_HEADER = "";
				INFOPLIST_FILE = "Resources/Tests-MacOSX-Info.plist";
				INSTALL_PATH = "$(USER_LIBRARY_DIR)/Bundles";
				LIBRARY_SEARCH_PATHS = (
					"$(inherited)",
					"\"$(SRCROOT)/Dependencies/protobuf-2.0.3/lib\"",
				);
				OTHER_LDFLAGS = (
					"-framework",
					Cocoa,
					"-framework",
					SenTestingKit,
				);
				PREBINDING = NO;
				PRODUCT_NAME = "Tests-MacOSX";
				WRAPPER_EXTENSION = octest;
				ZERO_LINK = NO;
			};
			name = Release;
		};
		05CD32AC0EE94063000FDE88 /* Debug */ = {
			isa = XCBuildConfiguration;
			buildSettings = {
				ALWAYS_SEARCH_USER_PATHS = NO;
				ARCHS = "$(ARCHS_STANDARD_32_BIT)";
				CODE_SIGN_IDENTITY = "iPhone Developer";
				COPY_PHASE_STRIP = NO;
				GCC_DYNAMIC_NO_PIC = NO;
				GCC_OPTIMIZATION_LEVEL = 0;
				GCC_PRECOMPILE_PREFIX_HEADER = YES;
				GCC_PREFIX_HEADER = "";
				INFOPLIST_FILE = "Resources/Tests-iPhone-Info.plist";
				INSTALL_PATH = "$(HOME)/Applications";
				LIBRARY_SEARCH_PATHS = (
					"$(inherited)",
					"\"$(SRCROOT)/Dependencies/protobuf-2.0.3/lib\"",
				);
				ONLY_ACTIVE_ARCH = NO;
				OTHER_LDFLAGS = (
					"-framework",
					Foundation,
					"-framework",
					UIKit,
				);
				PREBINDING = NO;
				PRODUCT_NAME = "Tests-iPhoneSimulator";
				SDKROOT = iphonesimulator2.0;
			};
			name = Debug;
		};
		05CD32AD0EE94063000FDE88 /* Release */ = {
			isa = XCBuildConfiguration;
			buildSettings = {
				ALWAYS_SEARCH_USER_PATHS = NO;
				ARCHS = "$(ARCHS_STANDARD_32_BIT)";
				CODE_SIGN_IDENTITY = "iPhone Developer";
				COPY_PHASE_STRIP = YES;
				DEBUG_INFORMATION_FORMAT = "dwarf-with-dsym";
				GCC_ENABLE_FIX_AND_CONTINUE = NO;
				GCC_PRECOMPILE_PREFIX_HEADER = YES;
				GCC_PREFIX_HEADER = "";
				INFOPLIST_FILE = "Resources/Tests-iPhone-Info.plist";
				INSTALL_PATH = "$(HOME)/Applications";
				LIBRARY_SEARCH_PATHS = (
					"$(inherited)",
					"\"$(SRCROOT)/Dependencies/protobuf-2.0.3/lib\"",
				);
				ONLY_ACTIVE_ARCH = NO;
				OTHER_LDFLAGS = (
					"-framework",
					Foundation,
					"-framework",
					UIKit,
				);
				PREBINDING = NO;
				PRODUCT_NAME = "Tests-iPhoneSimulator";
				SDKROOT = iphonesimulator2.0;
				ZERO_LINK = NO;
			};
			name = Release;
		};
		05CD33270EE9443A000FDE88 /* Debug */ = {
			isa = XCBuildConfiguration;
			buildSettings = {
				ALWAYS_SEARCH_USER_PATHS = NO;
				CODE_SIGN_IDENTITY = "iPhone Developer";
				COPY_PHASE_STRIP = NO;
				GCC_DYNAMIC_NO_PIC = NO;
				GCC_OPTIMIZATION_LEVEL = 0;
				GCC_PRECOMPILE_PREFIX_HEADER = YES;
				GCC_PREFIX_HEADER = "";
				INFOPLIST_FILE = "Resources/Tests-iPhone-Info.plist";
				INSTALL_PATH = "$(HOME)/Applications";
				LIBRARY_SEARCH_PATHS = (
					"$(inherited)",
					"\"$(SRCROOT)/Dependencies/protobuf-2.0.3/lib\"",
				);
				ONLY_ACTIVE_ARCH = NO;
				OTHER_LDFLAGS = (
					"-framework",
					Foundation,
					"-framework",
					UIKit,
				);
				PREBINDING = NO;
				PRODUCT_NAME = "Tests-iPhoneOS";
				SDKROOT = iphoneos2.0;
			};
			name = Debug;
		};
		05CD33280EE9443A000FDE88 /* Release */ = {
			isa = XCBuildConfiguration;
			buildSettings = {
				ALWAYS_SEARCH_USER_PATHS = NO;
				CODE_SIGN_IDENTITY = "iPhone Developer";
				COPY_PHASE_STRIP = YES;
				DEBUG_INFORMATION_FORMAT = "dwarf-with-dsym";
				GCC_ENABLE_FIX_AND_CONTINUE = NO;
				GCC_PRECOMPILE_PREFIX_HEADER = YES;
				GCC_PREFIX_HEADER = "";
				INFOPLIST_FILE = "Resources/Tests-iPhone-Info.plist";
				INSTALL_PATH = "$(HOME)/Applications";
				LIBRARY_SEARCH_PATHS = (
					"$(inherited)",
					"\"$(SRCROOT)/Dependencies/protobuf-2.0.3/lib\"",
				);
				ONLY_ACTIVE_ARCH = NO;
				OTHER_LDFLAGS = (
					"-framework",
					Foundation,
					"-framework",
					UIKit,
				);
				PREBINDING = NO;
				PRODUCT_NAME = "Tests-iPhoneOS";
				SDKROOT = iphoneos2.0;
				ZERO_LINK = NO;
			};
			name = Release;
		};
		05F40CEA0EF7AB81008050CF /* Debug */ = {
			isa = XCBuildConfiguration;
			buildSettings = {
				ALWAYS_SEARCH_USER_PATHS = NO;
				COPY_PHASE_STRIP = NO;
				EFFECTIVE_PLATFORM_NAME = "-MacOSX";
				GCC_DYNAMIC_NO_PIC = NO;
				GCC_ENABLE_FIX_AND_CONTINUE = YES;
				GCC_MODEL_TUNING = G5;
				GCC_OPTIMIZATION_LEVEL = 0;
				GCC_PRECOMPILE_PREFIX_HEADER = YES;
				GCC_PREFIX_HEADER = "$(SYSTEM_LIBRARY_DIR)/Frameworks/AppKit.framework/Headers/AppKit.h";
				INFOPLIST_FILE = "Resources/DemoCrash-Info.plist";
				INSTALL_PATH = "$(HOME)/Applications";
				OTHER_LDFLAGS = (
					"-framework",
					Foundation,
					"-framework",
					AppKit,
				);
				PREBINDING = NO;
				PRODUCT_NAME = DemoCrash;
				SDKROOT = macosx10.5;
			};
			name = Debug;
		};
		05F40CEB0EF7AB81008050CF /* Release */ = {
			isa = XCBuildConfiguration;
			buildSettings = {
				ALWAYS_SEARCH_USER_PATHS = NO;
				COPY_PHASE_STRIP = YES;
				DEBUG_INFORMATION_FORMAT = "dwarf-with-dsym";
				EFFECTIVE_PLATFORM_NAME = "-MacOSX";
				GCC_ENABLE_FIX_AND_CONTINUE = NO;
				GCC_MODEL_TUNING = G5;
				GCC_PRECOMPILE_PREFIX_HEADER = YES;
				GCC_PREFIX_HEADER = "$(SYSTEM_LIBRARY_DIR)/Frameworks/AppKit.framework/Headers/AppKit.h";
				INFOPLIST_FILE = "Resources/DemoCrash-Info.plist";
				INSTALL_PATH = "$(HOME)/Applications";
				OTHER_LDFLAGS = (
					"-framework",
					Foundation,
					"-framework",
					AppKit,
				);
				PREBINDING = NO;
				PRODUCT_NAME = DemoCrash;
				ZERO_LINK = NO;
			};
			name = Release;
		};
		1DEB91AE08733DA50010E9CD /* Debug */ = {
			isa = XCBuildConfiguration;
			buildSettings = {
				ALWAYS_SEARCH_USER_PATHS = NO;
				COPY_PHASE_STRIP = NO;
				DYLIB_COMPATIBILITY_VERSION = 1;
				DYLIB_CURRENT_VERSION = 1;
				EFFECTIVE_PLATFORM_NAME = "-MacOSX";
				EXPORTED_SYMBOLS_FILE = Resources/CrashReporter.exp;
				FRAMEWORK_VERSION = A;
				GCC_DYNAMIC_NO_PIC = NO;
				GCC_ENABLE_FIX_AND_CONTINUE = YES;
				GCC_MODEL_TUNING = G5;
				GCC_OPTIMIZATION_LEVEL = 0;
				GCC_PRECOMPILE_PREFIX_HEADER = YES;
				GCC_PREFIX_HEADER = "";
				INFOPLIST_FILE = Resources/Info.plist;
				INSTALL_PATH = "@loader_path/../Frameworks";
				LIBRARY_SEARCH_PATHS = (
					"$(inherited)",
					"\"$(SRCROOT)/Dependencies/protobuf-2.0.3/lib\"",
				);
				PRODUCT_NAME = CrashReporter;
				SDKROOT = macosx10.5;
				WRAPPER_EXTENSION = framework;
			};
			name = Debug;
		};
		1DEB91AF08733DA50010E9CD /* Release */ = {
			isa = XCBuildConfiguration;
			buildSettings = {
				ALWAYS_SEARCH_USER_PATHS = NO;
				ARCHS = "$(NATIVE_ARCH)";
				DEBUG_INFORMATION_FORMAT = "dwarf-with-dsym";
				DYLIB_COMPATIBILITY_VERSION = 1;
				DYLIB_CURRENT_VERSION = 1;
				EFFECTIVE_PLATFORM_NAME = "-MacOSX";
				EXPORTED_SYMBOLS_FILE = Resources/CrashReporter.exp;
				FRAMEWORK_VERSION = A;
				GCC_MODEL_TUNING = G5;
				GCC_PRECOMPILE_PREFIX_HEADER = YES;
				GCC_PREFIX_HEADER = "";
				INFOPLIST_FILE = Resources/Info.plist;
				INSTALL_PATH = "@loader_path/../Frameworks";
				LIBRARY_SEARCH_PATHS = (
					"$(inherited)",
					"\"$(SRCROOT)/Dependencies/protobuf-2.0.3/lib\"",
				);
				PRODUCT_NAME = CrashReporter;
				SDKROOT = macosx10.5;
				WRAPPER_EXTENSION = framework;
			};
			name = Release;
		};
		1DEB91B208733DA50010E9CD /* Debug */ = {
			isa = XCBuildConfiguration;
			buildSettings = {
				GCC_C_LANGUAGE_STANDARD = c99;
				GCC_OPTIMIZATION_LEVEL = 0;
				GCC_WARN_ABOUT_RETURN_TYPE = YES;
				GCC_WARN_UNUSED_VARIABLE = YES;
				HEADER_SEARCH_PATHS = "\"$(SRCROOT)/Dependencies/protobuf-2.0.3/include\"";
				ONLY_ACTIVE_ARCH = NO;
				PL_CANONICAL_PLATFORM = MacOSX;
				PL_CANONICAL_PRODUCT = CrashReporter;
				PREBINDING = NO;
				WARNING_CFLAGS = (
					"-Wall",
					"-Werror",
				);
			};
			name = Debug;
		};
		1DEB91B308733DA50010E9CD /* Release */ = {
			isa = XCBuildConfiguration;
			buildSettings = {
				GCC_C_LANGUAGE_STANDARD = c99;
				GCC_WARN_ABOUT_RETURN_TYPE = YES;
				GCC_WARN_UNUSED_VARIABLE = YES;
				HEADER_SEARCH_PATHS = (
					"\"$(SRCROOT)/$(DERIVED_FILES_DIR)\"",
					"\"$(SRCROOT)/Dependencies/protobuf-2.0.3/include\"",
				);
				PL_CANONICAL_PLATFORM = MacOSX;
				PL_CANONICAL_PRODUCT = CrashReporter;
				PREBINDING = NO;
				WARNING_CFLAGS = (
					"-Wall",
					"-Werror",
				);
			};
			name = Release;
		};
/* End XCBuildConfiguration section */

/* Begin XCConfigurationList section */
		05CD315E0EE936E4000FDE88 /* Build configuration list for PBXNativeTarget "CrashReporter-iPhoneOS" */ = {
			isa = XCConfigurationList;
			buildConfigurations = (
				05CD31530EE936AA000FDE88 /* Debug */,
				05CD31540EE936AA000FDE88 /* Release */,
			);
			defaultConfigurationIsVisible = 0;
			defaultConfigurationName = Release;
		};
		05CD31660EE9392C000FDE88 /* Build configuration list for PBXNativeTarget "CrashReporter-iPhoneSimulator" */ = {
			isa = XCConfigurationList;
			buildConfigurations = (
				05CD31640EE93906000FDE88 /* Debug */,
				05CD31650EE93906000FDE88 /* Release */,
			);
			defaultConfigurationIsVisible = 0;
			defaultConfigurationName = Release;
		};
		05CD31790EE939E0000FDE88 /* Build configuration list for PBXAggregateTarget "CrashReporter" */ = {
			isa = XCConfigurationList;
			buildConfigurations = (
				05CD31690EE939D1000FDE88 /* Debug */,
				05CD316A0EE939D1000FDE88 /* Release */,
			);
			defaultConfigurationIsVisible = 0;
			defaultConfigurationName = Release;
		};
		05CD326D0EE93DC4000FDE88 /* Build configuration list for PBXNativeTarget "Tests-MacOSX" */ = {
			isa = XCConfigurationList;
			buildConfigurations = (
				05CD326B0EE93DC4000FDE88 /* Debug */,
				05CD326C0EE93DC4000FDE88 /* Release */,
			);
			defaultConfigurationIsVisible = 0;
			defaultConfigurationName = Release;
		};
		05CD32AE0EE94063000FDE88 /* Build configuration list for PBXNativeTarget "Tests-iPhoneSimulator" */ = {
			isa = XCConfigurationList;
			buildConfigurations = (
				05CD32AC0EE94063000FDE88 /* Debug */,
				05CD32AD0EE94063000FDE88 /* Release */,
			);
			defaultConfigurationIsVisible = 0;
			defaultConfigurationName = Release;
		};
		05CD33290EE9443A000FDE88 /* Build configuration list for PBXNativeTarget "Tests-iPhoneOS" */ = {
			isa = XCConfigurationList;
			buildConfigurations = (
				05CD33270EE9443A000FDE88 /* Debug */,
				05CD33280EE9443A000FDE88 /* Release */,
			);
			defaultConfigurationIsVisible = 0;
			defaultConfigurationName = Release;
		};
		05F40CEC0EF7AB81008050CF /* Build configuration list for PBXNativeTarget "DemoCrash" */ = {
			isa = XCConfigurationList;
			buildConfigurations = (
				05F40CEA0EF7AB81008050CF /* Debug */,
				05F40CEB0EF7AB81008050CF /* Release */,
			);
			defaultConfigurationIsVisible = 0;
			defaultConfigurationName = Release;
		};
		1DEB91AD08733DA50010E9CD /* Build configuration list for PBXNativeTarget "CrashReporter-MacOSX" */ = {
			isa = XCConfigurationList;
			buildConfigurations = (
				1DEB91AE08733DA50010E9CD /* Debug */,
				1DEB91AF08733DA50010E9CD /* Release */,
			);
			defaultConfigurationIsVisible = 0;
			defaultConfigurationName = Release;
		};
		1DEB91B108733DA50010E9CD /* Build configuration list for PBXProject "CrashReporter" */ = {
			isa = XCConfigurationList;
			buildConfigurations = (
				1DEB91B208733DA50010E9CD /* Debug */,
				1DEB91B308733DA50010E9CD /* Release */,
			);
			defaultConfigurationIsVisible = 0;
			defaultConfigurationName = Release;
		};
/* End XCConfigurationList section */
	};
	rootObject = 0867D690FE84028FC02AAC07 /* Project object */;
}
